// !$*UTF8*$!
{
	archiveVersion = 1;
	classes = {
	};
	objectVersion = 56;
	objects = {

/* Begin PBXBuildFile section */
		AE0958C729B4ED29001C33A6 /* iExpenseApp.swift in Sources */ = {isa = PBXBuildFile; fileRef = AE0958C629B4ED29001C33A6 /* iExpenseApp.swift */; };
		AE0958C929B4ED29001C33A6 /* ContentView.swift in Sources */ = {isa = PBXBuildFile; fileRef = AE0958C829B4ED29001C33A6 /* ContentView.swift */; };
		AE0958CB29B4ED2A001C33A6 /* Assets.xcassets in Resources */ = {isa = PBXBuildFile; fileRef = AE0958CA29B4ED2A001C33A6 /* Assets.xcassets */; };
		AE0958CE29B4ED2A001C33A6 /* Preview Assets.xcassets in Resources */ = {isa = PBXBuildFile; fileRef = AE0958CD29B4ED2A001C33A6 /* Preview Assets.xcassets */; };
		AE0958D529B4EDA1001C33A6 /* StateOnlyWorksWithStruct.swift in Sources */ = {isa = PBXBuildFile; fileRef = AE0958D429B4EDA1001C33A6 /* StateOnlyWorksWithStruct.swift */; };
		AE0958D729B50C47001C33A6 /* ShowingAndHidingViews.swift in Sources */ = {isa = PBXBuildFile; fileRef = AE0958D629B50C47001C33A6 /* ShowingAndHidingViews.swift */; };
		AE0958D929B50FD7001C33A6 /* DeletingItemsUsingOnDelete.swift in Sources */ = {isa = PBXBuildFile; fileRef = AE0958D829B50FD7001C33A6 /* DeletingItemsUsingOnDelete.swift */; };
		AE0958DB29B51937001C33A6 /* StoringUserSettingUsingUserDefault.swift in Sources */ = {isa = PBXBuildFile; fileRef = AE0958DA29B51937001C33A6 /* StoringUserSettingUsingUserDefault.swift */; };
		AE0958DD29B51D5B001C33A6 /* ArchivingObjectsWithCodable.swift in Sources */ = {isa = PBXBuildFile; fileRef = AE0958DC29B51D5B001C33A6 /* ArchivingObjectsWithCodable.swift */; };
		AE4C5FD929B6709B008C43F4 /* AddView.swift in Sources */ = {isa = PBXBuildFile; fileRef = AE4C5FD829B6709B008C43F4 /* AddView.swift */; };
		AEA13CFD29B53FEE00B7F149 /* ExpenseItem.swift in Sources */ = {isa = PBXBuildFile; fileRef = AEA13CFC29B53FEE00B7F149 /* ExpenseItem.swift */; };
		AEA13CFF29B5402800B7F149 /* Expenses.swift in Sources */ = {isa = PBXBuildFile; fileRef = AEA13CFE29B5402800B7F149 /* Expenses.swift */; };
/* End PBXBuildFile section */

/* Begin PBXFileReference section */
		AE0958C329B4ED29001C33A6 /* iExpense.app */ = {isa = PBXFileReference; explicitFileType = wrapper.application; includeInIndex = 0; path = iExpense.app; sourceTree = BUILT_PRODUCTS_DIR; };
		AE0958C629B4ED29001C33A6 /* iExpenseApp.swift */ = {isa = PBXFileReference; lastKnownFileType = sourcecode.swift; path = iExpenseApp.swift; sourceTree = "<group>"; };
		AE0958C829B4ED29001C33A6 /* ContentView.swift */ = {isa = PBXFileReference; lastKnownFileType = sourcecode.swift; path = ContentView.swift; sourceTree = "<group>"; };
		AE0958CA29B4ED2A001C33A6 /* Assets.xcassets */ = {isa = PBXFileReference; lastKnownFileType = folder.assetcatalog; path = Assets.xcassets; sourceTree = "<group>"; };
		AE0958CD29B4ED2A001C33A6 /* Preview Assets.xcassets */ = {isa = PBXFileReference; lastKnownFileType = folder.assetcatalog; path = "Preview Assets.xcassets"; sourceTree = "<group>"; };
		AE0958D429B4EDA1001C33A6 /* StateOnlyWorksWithStruct.swift */ = {isa = PBXFileReference; lastKnownFileType = sourcecode.swift; path = StateOnlyWorksWithStruct.swift; sourceTree = "<group>"; };
		AE0958D629B50C47001C33A6 /* ShowingAndHidingViews.swift */ = {isa = PBXFileReference; lastKnownFileType = sourcecode.swift; path = ShowingAndHidingViews.swift; sourceTree = "<group>"; };
		AE0958D829B50FD7001C33A6 /* DeletingItemsUsingOnDelete.swift */ = {isa = PBXFileReference; lastKnownFileType = sourcecode.swift; path = DeletingItemsUsingOnDelete.swift; sourceTree = "<group>"; };
		AE0958DA29B51937001C33A6 /* StoringUserSettingUsingUserDefault.swift */ = {isa = PBXFileReference; lastKnownFileType = sourcecode.swift; path = StoringUserSettingUsingUserDefault.swift; sourceTree = "<group>"; };
		AE0958DC29B51D5B001C33A6 /* ArchivingObjectsWithCodable.swift */ = {isa = PBXFileReference; lastKnownFileType = sourcecode.swift; path = ArchivingObjectsWithCodable.swift; sourceTree = "<group>"; };
		AE4C5FD829B6709B008C43F4 /* AddView.swift */ = {isa = PBXFileReference; lastKnownFileType = sourcecode.swift; path = AddView.swift; sourceTree = "<group>"; };
		AEA13CFC29B53FEE00B7F149 /* ExpenseItem.swift */ = {isa = PBXFileReference; lastKnownFileType = sourcecode.swift; path = ExpenseItem.swift; sourceTree = "<group>"; };
		AEA13CFE29B5402800B7F149 /* Expenses.swift */ = {isa = PBXFileReference; lastKnownFileType = sourcecode.swift; path = Expenses.swift; sourceTree = "<group>"; };
		AEA13D0029B5429000B7F149 /* README.md */ = {isa = PBXFileReference; lastKnownFileType = net.daringfireball.markdown; path = README.md; sourceTree = "<group>"; };
/* End PBXFileReference section */

/* Begin PBXFrameworksBuildPhase section */
		AE0958C029B4ED29001C33A6 /* Frameworks */ = {
			isa = PBXFrameworksBuildPhase;
			buildActionMask = 2147483647;
			files = (
			);
			runOnlyForDeploymentPostprocessing = 0;
		};
/* End PBXFrameworksBuildPhase section */

/* Begin PBXGroup section */
		AE0958BA29B4ED29001C33A6 = {
			isa = PBXGroup;
			children = (
				AE0958C529B4ED29001C33A6 /* iExpense */,
				AE0958C429B4ED29001C33A6 /* Products */,
			);
			sourceTree = "<group>";
		};
		AE0958C429B4ED29001C33A6 /* Products */ = {
			isa = PBXGroup;
			children = (
				AE0958C329B4ED29001C33A6 /* iExpense.app */,
			);
			name = Products;
			sourceTree = "<group>";
		};
		AE0958C529B4ED29001C33A6 /* iExpense */ = {
			isa = PBXGroup;
			children = (
				AE0958C629B4ED29001C33A6 /* iExpenseApp.swift */,
				AE0958C829B4ED29001C33A6 /* ContentView.swift */,
				AE4C5FD829B6709B008C43F4 /* AddView.swift */,
				AEA13D0029B5429000B7F149 /* README.md */,
				AE0958DA29B51937001C33A6 /* StoringUserSettingUsingUserDefault.swift */,
				AEA13CFE29B5402800B7F149 /* Expenses.swift */,
				AEA13CFC29B53FEE00B7F149 /* ExpenseItem.swift */,
				AE0958D429B4EDA1001C33A6 /* StateOnlyWorksWithStruct.swift */,
				AE0958DC29B51D5B001C33A6 /* ArchivingObjectsWithCodable.swift */,
				AE0958D629B50C47001C33A6 /* ShowingAndHidingViews.swift */,
				AE0958D829B50FD7001C33A6 /* DeletingItemsUsingOnDelete.swift */,
				AE0958CA29B4ED2A001C33A6 /* Assets.xcassets */,
				AE0958CC29B4ED2A001C33A6 /* Preview Content */,
			);
			path = iExpense;
			sourceTree = "<group>";
		};
		AE0958CC29B4ED2A001C33A6 /* Preview Content */ = {
			isa = PBXGroup;
			children = (
				AE0958CD29B4ED2A001C33A6 /* Preview Assets.xcassets */,
			);
			path = "Preview Content";
			sourceTree = "<group>";
		};
/* End PBXGroup section */

/* Begin PBXNativeTarget section */
		AE0958C229B4ED29001C33A6 /* iExpense */ = {
			isa = PBXNativeTarget;
			buildConfigurationList = AE0958D129B4ED2A001C33A6 /* Build configuration list for PBXNativeTarget "iExpense" */;
			buildPhases = (
				AE0958BF29B4ED29001C33A6 /* Sources */,
				AE0958C029B4ED29001C33A6 /* Frameworks */,
				AE0958C129B4ED29001C33A6 /* Resources */,
			);
			buildRules = (
			);
			dependencies = (
			);
			name = iExpense;
			productName = iExpense;
			productReference = AE0958C329B4ED29001C33A6 /* iExpense.app */;
			productType = "com.apple.product-type.application";
		};
/* End PBXNativeTarget section */

/* Begin PBXProject section */
		AE0958BB29B4ED29001C33A6 /* Project object */ = {
			isa = PBXProject;
			attributes = {
				BuildIndependentTargetsInParallel = 1;
				LastSwiftUpdateCheck = 1420;
				LastUpgradeCheck = 1420;
				TargetAttributes = {
					AE0958C229B4ED29001C33A6 = {
						CreatedOnToolsVersion = 14.2;
					};
				};
			};
			buildConfigurationList = AE0958BE29B4ED29001C33A6 /* Build configuration list for PBXProject "iExpense" */;
			compatibilityVersion = "Xcode 14.0";
			developmentRegion = en;
			hasScannedForEncodings = 0;
			knownRegions = (
				en,
				Base,
			);
			mainGroup = AE0958BA29B4ED29001C33A6;
			productRefGroup = AE0958C429B4ED29001C33A6 /* Products */;
			projectDirPath = "";
			projectRoot = "";
			targets = (
				AE0958C229B4ED29001C33A6 /* iExpense */,
			);
		};
/* End PBXProject section */

/* Begin PBXResourcesBuildPhase section */
		AE0958C129B4ED29001C33A6 /* Resources */ = {
			isa = PBXResourcesBuildPhase;
			buildActionMask = 2147483647;
			files = (
				AE0958CE29B4ED2A001C33A6 /* Preview Assets.xcassets in Resources */,
				AE0958CB29B4ED2A001C33A6 /* Assets.xcassets in Resources */,
			);
			runOnlyForDeploymentPostprocessing = 0;
		};
/* End PBXResourcesBuildPhase section */

/* Begin PBXSourcesBuildPhase section */
		AE0958BF29B4ED29001C33A6 /* Sources */ = {
			isa = PBXSourcesBuildPhase;
			buildActionMask = 2147483647;
			files = (
				AE0958C929B4ED29001C33A6 /* ContentView.swift in Sources */,
				AE0958D929B50FD7001C33A6 /* DeletingItemsUsingOnDelete.swift in Sources */,
				AE4C5FD929B6709B008C43F4 /* AddView.swift in Sources */,
				AE0958DB29B51937001C33A6 /* StoringUserSettingUsingUserDefault.swift in Sources */,
				AEA13CFD29B53FEE00B7F149 /* ExpenseItem.swift in Sources */,
				AE0958DD29B51D5B001C33A6 /* ArchivingObjectsWithCodable.swift in Sources */,
				AE0958D729B50C47001C33A6 /* ShowingAndHidingViews.swift in Sources */,
				AEA13CFF29B5402800B7F149 /* Expenses.swift in Sources */,
				AE0958D529B4EDA1001C33A6 /* StateOnlyWorksWithStruct.swift in Sources */,
				AE0958C729B4ED29001C33A6 /* iExpenseApp.swift in Sources */,
			);
			runOnlyForDeploymentPostprocessing = 0;
		};
/* End PBXSourcesBuildPhase section */

/* Begin XCBuildConfiguration section */
		AE0958CF29B4ED2A001C33A6 /* Debug */ = {
			isa = XCBuildConfiguration;
			buildSettings = {
				ALWAYS_SEARCH_USER_PATHS = NO;
				CLANG_ANALYZER_NONNULL = YES;
				CLANG_ANALYZER_NUMBER_OBJECT_CONVERSION = YES_AGGRESSIVE;
				CLANG_CXX_LANGUAGE_STANDARD = "gnu++20";
				CLANG_ENABLE_MODULES = YES;
				CLANG_ENABLE_OBJC_ARC = YES;
				CLANG_ENABLE_OBJC_WEAK = YES;
				CLANG_WARN_BLOCK_CAPTURE_AUTORELEASING = YES;
				CLANG_WARN_BOOL_CONVERSION = YES;
				CLANG_WARN_COMMA = YES;
				CLANG_WARN_CONSTANT_CONVERSION = YES;
				CLANG_WARN_DEPRECATED_OBJC_IMPLEMENTATIONS = YES;
				CLANG_WARN_DIRECT_OBJC_ISA_USAGE = YES_ERROR;
				CLANG_WARN_DOCUMENTATION_COMMENTS = YES;
				CLANG_WARN_EMPTY_BODY = YES;
				CLANG_WARN_ENUM_CONVERSION = YES;
				CLANG_WARN_INFINITE_RECURSION = YES;
				CLANG_WARN_INT_CONVERSION = YES;
				CLANG_WARN_NON_LITERAL_NULL_CONVERSION = YES;
				CLANG_WARN_OBJC_IMPLICIT_RETAIN_SELF = YES;
				CLANG_WARN_OBJC_LITERAL_CONVERSION = YES;
				CLANG_WARN_OBJC_ROOT_CLASS = YES_ERROR;
				CLANG_WARN_QUOTED_INCLUDE_IN_FRAMEWORK_HEADER = YES;
				CLANG_WARN_RANGE_LOOP_ANALYSIS = YES;
				CLANG_WARN_STRICT_PROTOTYPES = YES;
				CLANG_WARN_SUSPICIOUS_MOVE = YES;
				CLANG_WARN_UNGUARDED_AVAILABILITY = YES_AGGRESSIVE;
				CLANG_WARN_UNREACHABLE_CODE = YES;
				CLANG_WARN__DUPLICATE_METHOD_MATCH = YES;
				COPY_PHASE_STRIP = NO;
				DEBUG_INFORMATION_FORMAT = dwarf;
				ENABLE_STRICT_OBJC_MSGSEND = YES;
				ENABLE_TESTABILITY = YES;
				GCC_C_LANGUAGE_STANDARD = gnu11;
				GCC_DYNAMIC_NO_PIC = NO;
				GCC_NO_COMMON_BLOCKS = YES;
				GCC_OPTIMIZATION_LEVEL = 0;
				GCC_PREPROCESSOR_DEFINITIONS = (
					"DEBUG=1",
					"$(inherited)",
				);
				GCC_WARN_64_TO_32_BIT_CONVERSION = YES;
				GCC_WARN_ABOUT_RETURN_TYPE = YES_ERROR;
				GCC_WARN_UNDECLARED_SELECTOR = YES;
				GCC_WARN_UNINITIALIZED_AUTOS = YES_AGGRESSIVE;
				GCC_WARN_UNUSED_FUNCTION = YES;
				GCC_WARN_UNUSED_VARIABLE = YES;
				IPHONEOS_DEPLOYMENT_TARGET = 16.2;
				MTL_ENABLE_DEBUG_INFO = INCLUDE_SOURCE;
				MTL_FAST_MATH = YES;
				ONLY_ACTIVE_ARCH = YES;
				SDKROOT = iphoneos;
				SWIFT_ACTIVE_COMPILATION_CONDITIONS = DEBUG;
				SWIFT_OPTIMIZATION_LEVEL = "-Onone";
			};
			name = Debug;
		};
		AE0958D029B4ED2A001C33A6 /* Release */ = {
			isa = XCBuildConfiguration;
			buildSettings = {
				ALWAYS_SEARCH_USER_PATHS = NO;
				CLANG_ANALYZER_NONNULL = YES;
				CLANG_ANALYZER_NUMBER_OBJECT_CONVERSION = YES_AGGRESSIVE;
				CLANG_CXX_LANGUAGE_STANDARD = "gnu++20";
				CLANG_ENABLE_MODULES = YES;
				CLANG_ENABLE_OBJC_ARC = YES;
				CLANG_ENABLE_OBJC_WEAK = YES;
				CLANG_WARN_BLOCK_CAPTURE_AUTORELEASING = YES;
				CLANG_WARN_BOOL_CONVERSION = YES;
				CLANG_WARN_COMMA = YES;
				CLANG_WARN_CONSTANT_CONVERSION = YES;
				CLANG_WARN_DEPRECATED_OBJC_IMPLEMENTATIONS = YES;
				CLANG_WARN_DIRECT_OBJC_ISA_USAGE = YES_ERROR;
				CLANG_WARN_DOCUMENTATION_COMMENTS = YES;
				CLANG_WARN_EMPTY_BODY = YES;
				CLANG_WARN_ENUM_CONVERSION = YES;
				CLANG_WARN_INFINITE_RECURSION = YES;
				CLANG_WARN_INT_CONVERSION = YES;
				CLANG_WARN_NON_LITERAL_NULL_CONVERSION = YES;
				CLANG_WARN_OBJC_IMPLICIT_RETAIN_SELF = YES;
				CLANG_WARN_OBJC_LITERAL_CONVERSION = YES;
				CLANG_WARN_OBJC_ROOT_CLASS = YES_ERROR;
				CLANG_WARN_QUOTED_INCLUDE_IN_FRAMEWORK_HEADER = YES;
				CLANG_WARN_RANGE_LOOP_ANALYSIS = YES;
				CLANG_WARN_STRICT_PROTOTYPES = YES;
				CLANG_WARN_SUSPICIOUS_MOVE = YES;
				CLANG_WARN_UNGUARDED_AVAILABILITY = YES_AGGRESSIVE;
				CLANG_WARN_UNREACHABLE_CODE = YES;
				CLANG_WARN__DUPLICATE_METHOD_MATCH = YES;
				COPY_PHASE_STRIP = NO;
				DEBUG_INFORMATION_FORMAT = "dwarf-with-dsym";
				ENABLE_NS_ASSERTIONS = NO;
				ENABLE_STRICT_OBJC_MSGSEND = YES;
				GCC_C_LANGUAGE_STANDARD = gnu11;
				GCC_NO_COMMON_BLOCKS = YES;
				GCC_WARN_64_TO_32_BIT_CONVERSION = YES;
				GCC_WARN_ABOUT_RETURN_TYPE = YES_ERROR;
				GCC_WARN_UNDECLARED_SELECTOR = YES;
				GCC_WARN_UNINITIALIZED_AUTOS = YES_AGGRESSIVE;
				GCC_WARN_UNUSED_FUNCTION = YES;
				GCC_WARN_UNUSED_VARIABLE = YES;
				IPHONEOS_DEPLOYMENT_TARGET = 16.2;
				MTL_ENABLE_DEBUG_INFO = NO;
				MTL_FAST_MATH = YES;
				SDKROOT = iphoneos;
				SWIFT_COMPILATION_MODE = wholemodule;
				SWIFT_OPTIMIZATION_LEVEL = "-O";
				VALIDATE_PRODUCT = YES;
			};
			name = Release;
		};
		AE0958D229B4ED2A001C33A6 /* Debug */ = {
			isa = XCBuildConfiguration;
			buildSettings = {
				ASSETCATALOG_COMPILER_APPICON_NAME = AppIcon;
				ASSETCATALOG_COMPILER_GLOBAL_ACCENT_COLOR_NAME = AccentColor;
				CODE_SIGN_STYLE = Automatic;
				CURRENT_PROJECT_VERSION = 1;
				DEVELOPMENT_ASSET_PATHS = "\"iExpense/Preview Content\"";
				DEVELOPMENT_TEAM = 5H7526UKSL;
				ENABLE_PREVIEWS = YES;
				GENERATE_INFOPLIST_FILE = YES;
				INFOPLIST_KEY_UIApplicationSceneManifest_Generation = YES;
				INFOPLIST_KEY_UIApplicationSupportsIndirectInputEvents = YES;
				INFOPLIST_KEY_UILaunchScreen_Generation = YES;
				INFOPLIST_KEY_UISupportedInterfaceOrientations_iPad = "UIInterfaceOrientationPortrait UIInterfaceOrientationPortraitUpsideDown UIInterfaceOrientationLandscapeLeft UIInterfaceOrientationLandscapeRight";
				INFOPLIST_KEY_UISupportedInterfaceOrientations_iPhone = "UIInterfaceOrientationPortrait UIInterfaceOrientationLandscapeLeft UIInterfaceOrientationLandscapeRight";
				LD_RUNPATH_SEARCH_PATHS = (
					"$(inherited)",
					"@executable_path/Frameworks",
				);
				MARKETING_VERSION = 1.0;
				PRODUCT_BUNDLE_IDENTIFIER = algebra2boy.iExpense;
				PRODUCT_NAME = "$(TARGET_NAME)";
				SWIFT_EMIT_LOC_STRINGS = YES;
				SWIFT_VERSION = 5.0;
				TARGETED_DEVICE_FAMILY = "1,2";
			};
			name = Debug;
		};
		AE0958D329B4ED2A001C33A6 /* Release */ = {
			isa = XCBuildConfiguration;
			buildSettings = {
				ASSETCATALOG_COMPILER_APPICON_NAME = AppIcon;
				ASSETCATALOG_COMPILER_GLOBAL_ACCENT_COLOR_NAME = AccentColor;
				CODE_SIGN_STYLE = Automatic;
				CURRENT_PROJECT_VERSION = 1;
				DEVELOPMENT_ASSET_PATHS = "\"iExpense/Preview Content\"";
				DEVELOPMENT_TEAM = 5H7526UKSL;
				ENABLE_PREVIEWS = YES;
				GENERATE_INFOPLIST_FILE = YES;
				INFOPLIST_KEY_UIApplicationSceneManifest_Generation = YES;
				INFOPLIST_KEY_UIApplicationSupportsIndirectInputEvents = YES;
				INFOPLIST_KEY_UILaunchScreen_Generation = YES;
				INFOPLIST_KEY_UISupportedInterfaceOrientations_iPad = "UIInterfaceOrientationPortrait UIInterfaceOrientationPortraitUpsideDown UIInterfaceOrientationLandscapeLeft UIInterfaceOrientationLandscapeRight";
				INFOPLIST_KEY_UISupportedInterfaceOrientations_iPhone = "UIInterfaceOrientationPortrait UIInterfaceOrientationLandscapeLeft UIInterfaceOrientationLandscapeRight";
				LD_RUNPATH_SEARCH_PATHS = (
					"$(inherited)",
					"@executable_path/Frameworks",
				);
				MARKETING_VERSION = 1.0;
				PRODUCT_BUNDLE_IDENTIFIER = algebra2boy.iExpense;
				PRODUCT_NAME = "$(TARGET_NAME)";
				SWIFT_EMIT_LOC_STRINGS = YES;
				SWIFT_VERSION = 5.0;
				TARGETED_DEVICE_FAMILY = "1,2";
			};
			name = Release;
		};
/* End XCBuildConfiguration section */

/* Begin XCConfigurationList section */
		AE0958BE29B4ED29001C33A6 /* Build configuration list for PBXProject "iExpense" */ = {
			isa = XCConfigurationList;
			buildConfigurations = (
				AE0958CF29B4ED2A001C33A6 /* Debug */,
				AE0958D029B4ED2A001C33A6 /* Release */,
			);
			defaultConfigurationIsVisible = 0;
			defaultConfigurationName = Release;
		};
		AE0958D129B4ED2A001C33A6 /* Build configuration list for PBXNativeTarget "iExpense" */ = {
			isa = XCConfigurationList;
			buildConfigurations = (
				AE0958D229B4ED2A001C33A6 /* Debug */,
				AE0958D329B4ED2A001C33A6 /* Release */,
			);
			defaultConfigurationIsVisible = 0;
			defaultConfigurationName = Release;
		};
/* End XCConfigurationList section */
	};
	rootObject = AE0958BB29B4ED29001C33A6 /* Project object */;
}
