// !$*UTF8*$!
{
	archiveVersion = 1;
	classes = {
	};
	objectVersion = 56;
	objects = {

/* Begin PBXBuildFile section */
		AE7E283529FAEF6D00801AA6 /* Project10_CupcakeApp.swift in Sources */ = {isa = PBXBuildFile; fileRef = AE7E283429FAEF6D00801AA6 /* Project10_CupcakeApp.swift */; };
		AE7E283729FAEF6D00801AA6 /* ContentView.swift in Sources */ = {isa = PBXBuildFile; fileRef = AE7E283629FAEF6D00801AA6 /* ContentView.swift */; };
		AE7E283929FAEF6E00801AA6 /* Assets.xcassets in Resources */ = {isa = PBXBuildFile; fileRef = AE7E283829FAEF6E00801AA6 /* Assets.xcassets */; };
		AE7E283C29FAEF6E00801AA6 /* Preview Assets.xcassets in Resources */ = {isa = PBXBuildFile; fileRef = AE7E283B29FAEF6E00801AA6 /* Preview Assets.xcassets */; };
		AE7E284529FAF00C00801AA6 /* CodableConformance.swift in Sources */ = {isa = PBXBuildFile; fileRef = AE7E284429FAF00C00801AA6 /* CodableConformance.swift */; };
		AE7E284729FAF61200801AA6 /* URLSession.swift in Sources */ = {isa = PBXBuildFile; fileRef = AE7E284629FAF61200801AA6 /* URLSession.swift */; };
		AE7E284929FB05A000801AA6 /* LoadAnImageFromServer.swift in Sources */ = {isa = PBXBuildFile; fileRef = AE7E284829FB05A000801AA6 /* LoadAnImageFromServer.swift */; };
		AE7E284B29FB0A2600801AA6 /* FormData.swift in Sources */ = {isa = PBXBuildFile; fileRef = AE7E284A29FB0A2600801AA6 /* FormData.swift */; };
/* End PBXBuildFile section */

/* Begin PBXFileReference section */
		AE7E283129FAEF6D00801AA6 /* Project10-Cupcake.app */ = {isa = PBXFileReference; explicitFileType = wrapper.application; includeInIndex = 0; path = "Project10-Cupcake.app"; sourceTree = BUILT_PRODUCTS_DIR; };
		AE7E283429FAEF6D00801AA6 /* Project10_CupcakeApp.swift */ = {isa = PBXFileReference; lastKnownFileType = sourcecode.swift; path = Project10_CupcakeApp.swift; sourceTree = "<group>"; };
		AE7E283629FAEF6D00801AA6 /* ContentView.swift */ = {isa = PBXFileReference; lastKnownFileType = sourcecode.swift; path = ContentView.swift; sourceTree = "<group>"; };
		AE7E283829FAEF6E00801AA6 /* Assets.xcassets */ = {isa = PBXFileReference; lastKnownFileType = folder.assetcatalog; path = Assets.xcassets; sourceTree = "<group>"; };
		AE7E283B29FAEF6E00801AA6 /* Preview Assets.xcassets */ = {isa = PBXFileReference; lastKnownFileType = folder.assetcatalog; path = "Preview Assets.xcassets"; sourceTree = "<group>"; };
		AE7E284429FAF00C00801AA6 /* CodableConformance.swift */ = {isa = PBXFileReference; lastKnownFileType = sourcecode.swift; path = CodableConformance.swift; sourceTree = "<group>"; };
		AE7E284629FAF61200801AA6 /* URLSession.swift */ = {isa = PBXFileReference; lastKnownFileType = sourcecode.swift; path = URLSession.swift; sourceTree = "<group>"; };
		AE7E284829FB05A000801AA6 /* LoadAnImageFromServer.swift */ = {isa = PBXFileReference; lastKnownFileType = sourcecode.swift; path = LoadAnImageFromServer.swift; sourceTree = "<group>"; };
		AE7E284A29FB0A2600801AA6 /* FormData.swift */ = {isa = PBXFileReference; lastKnownFileType = sourcecode.swift; path = FormData.swift; sourceTree = "<group>"; };
/* End PBXFileReference section */

/* Begin PBXFrameworksBuildPhase section */
		AE7E282E29FAEF6D00801AA6 /* Frameworks */ = {
			isa = PBXFrameworksBuildPhase;
			buildActionMask = 2147483647;
			files = (
			);
			runOnlyForDeploymentPostprocessing = 0;
		};
/* End PBXFrameworksBuildPhase section */

/* Begin PBXGroup section */
		AE7E282829FAEF6D00801AA6 = {
			isa = PBXGroup;
			children = (
				AE7E283329FAEF6D00801AA6 /* Project10-Cupcake */,
				AE7E283229FAEF6D00801AA6 /* Products */,
			);
			sourceTree = "<group>";
		};
		AE7E283229FAEF6D00801AA6 /* Products */ = {
			isa = PBXGroup;
			children = (
				AE7E283129FAEF6D00801AA6 /* Project10-Cupcake.app */,
			);
			name = Products;
			sourceTree = "<group>";
		};
		AE7E283329FAEF6D00801AA6 /* Project10-Cupcake */ = {
			isa = PBXGroup;
			children = (
				AE7E283429FAEF6D00801AA6 /* Project10_CupcakeApp.swift */,
				AE7E283629FAEF6D00801AA6 /* ContentView.swift */,
				AE7E284429FAF00C00801AA6 /* CodableConformance.swift */,
				AE7E284629FAF61200801AA6 /* URLSession.swift */,
				AE7E284829FB05A000801AA6 /* LoadAnImageFromServer.swift */,
				AE7E284A29FB0A2600801AA6 /* FormData.swift */,
				AE7E283829FAEF6E00801AA6 /* Assets.xcassets */,
				AE7E283A29FAEF6E00801AA6 /* Preview Content */,
			);
			path = "Project10-Cupcake";
			sourceTree = "<group>";
		};
		AE7E283A29FAEF6E00801AA6 /* Preview Content */ = {
			isa = PBXGroup;
			children = (
				AE7E283B29FAEF6E00801AA6 /* Preview Assets.xcassets */,
			);
			path = "Preview Content";
			sourceTree = "<group>";
		};
/* End PBXGroup section */

/* Begin PBXNativeTarget section */
		AE7E283029FAEF6D00801AA6 /* Project10-Cupcake */ = {
			isa = PBXNativeTarget;
			buildConfigurationList = AE7E283F29FAEF6E00801AA6 /* Build configuration list for PBXNativeTarget "Project10-Cupcake" */;
			buildPhases = (
				AE7E282D29FAEF6D00801AA6 /* Sources */,
				AE7E282E29FAEF6D00801AA6 /* Frameworks */,
				AE7E282F29FAEF6D00801AA6 /* Resources */,
			);
			buildRules = (
			);
			dependencies = (
			);
			name = "Project10-Cupcake";
			productName = "Project10-Cupcake";
			productReference = AE7E283129FAEF6D00801AA6 /* Project10-Cupcake.app */;
			productType = "com.apple.product-type.application";
		};
/* End PBXNativeTarget section */

/* Begin PBXProject section */
		AE7E282929FAEF6D00801AA6 /* Project object */ = {
			isa = PBXProject;
			attributes = {
				BuildIndependentTargetsInParallel = 1;
				LastSwiftUpdateCheck = 1420;
				LastUpgradeCheck = 1420;
				TargetAttributes = {
					AE7E283029FAEF6D00801AA6 = {
						CreatedOnToolsVersion = 14.2;
					};
				};
			};
			buildConfigurationList = AE7E282C29FAEF6D00801AA6 /* Build configuration list for PBXProject "Project10-Cupcake" */;
			compatibilityVersion = "Xcode 14.0";
			developmentRegion = en;
			hasScannedForEncodings = 0;
			knownRegions = (
				en,
				Base,
			);
			mainGroup = AE7E282829FAEF6D00801AA6;
			productRefGroup = AE7E283229FAEF6D00801AA6 /* Products */;
			projectDirPath = "";
			projectRoot = "";
			targets = (
				AE7E283029FAEF6D00801AA6 /* Project10-Cupcake */,
			);
		};
/* End PBXProject section */

/* Begin PBXResourcesBuildPhase section */
		AE7E282F29FAEF6D00801AA6 /* Resources */ = {
			isa = PBXResourcesBuildPhase;
			buildActionMask = 2147483647;
			files = (
				AE7E283C29FAEF6E00801AA6 /* Preview Assets.xcassets in Resources */,
				AE7E283929FAEF6E00801AA6 /* Assets.xcassets in Resources */,
			);
			runOnlyForDeploymentPostprocessing = 0;
		};
/* End PBXResourcesBuildPhase section */

/* Begin PBXSourcesBuildPhase section */
		AE7E282D29FAEF6D00801AA6 /* Sources */ = {
			isa = PBXSourcesBuildPhase;
			buildActionMask = 2147483647;
			files = (
				AE7E284929FB05A000801AA6 /* LoadAnImageFromServer.swift in Sources */,
				AE7E283729FAEF6D00801AA6 /* ContentView.swift in Sources */,
				AE7E284529FAF00C00801AA6 /* CodableConformance.swift in Sources */,
				AE7E284729FAF61200801AA6 /* URLSession.swift in Sources */,
				AE7E283529FAEF6D00801AA6 /* Project10_CupcakeApp.swift in Sources */,
				AE7E284B29FB0A2600801AA6 /* FormData.swift in Sources */,
			);
			runOnlyForDeploymentPostprocessing = 0;
		};
/* End PBXSourcesBuildPhase section */

/* Begin XCBuildConfiguration section */
		AE7E283D29FAEF6E00801AA6 /* Debug */ = {
			isa = XCBuildConfiguration;
			buildSettings = {
				ALWAYS_SEARCH_USER_PATHS = NO;
				CLANG_ANALYZER_NONNULL = YES;
				CLANG_ANALYZER_NUMBER_OBJECT_CONVERSION = YES_AGGRESSIVE;
				CLANG_CXX_LANGUAGE_STANDARD = "gnu++20";
				CLANG_ENABLE_MODULES = YES;
				CLANG_ENABLE_OBJC_ARC = YES;
				CLANG_ENABLE_OBJC_WEAK = YES;
				CLANG_WARN_BLOCK_CAPTURE_AUTORELEASING = YES;
				CLANG_WARN_BOOL_CONVERSION = YES;
				CLANG_WARN_COMMA = YES;
				CLANG_WARN_CONSTANT_CONVERSION = YES;
				CLANG_WARN_DEPRECATED_OBJC_IMPLEMENTATIONS = YES;
				CLANG_WARN_DIRECT_OBJC_ISA_USAGE = YES_ERROR;
				CLANG_WARN_DOCUMENTATION_COMMENTS = YES;
				CLANG_WARN_EMPTY_BODY = YES;
				CLANG_WARN_ENUM_CONVERSION = YES;
				CLANG_WARN_INFINITE_RECURSION = YES;
				CLANG_WARN_INT_CONVERSION = YES;
				CLANG_WARN_NON_LITERAL_NULL_CONVERSION = YES;
				CLANG_WARN_OBJC_IMPLICIT_RETAIN_SELF = YES;
				CLANG_WARN_OBJC_LITERAL_CONVERSION = YES;
				CLANG_WARN_OBJC_ROOT_CLASS = YES_ERROR;
				CLANG_WARN_QUOTED_INCLUDE_IN_FRAMEWORK_HEADER = YES;
				CLANG_WARN_RANGE_LOOP_ANALYSIS = YES;
				CLANG_WARN_STRICT_PROTOTYPES = YES;
				CLANG_WARN_SUSPICIOUS_MOVE = YES;
				CLANG_WARN_UNGUARDED_AVAILABILITY = YES_AGGRESSIVE;
				CLANG_WARN_UNREACHABLE_CODE = YES;
				CLANG_WARN__DUPLICATE_METHOD_MATCH = YES;
				COPY_PHASE_STRIP = NO;
				DEBUG_INFORMATION_FORMAT = dwarf;
				ENABLE_STRICT_OBJC_MSGSEND = YES;
				ENABLE_TESTABILITY = YES;
				GCC_C_LANGUAGE_STANDARD = gnu11;
				GCC_DYNAMIC_NO_PIC = NO;
				GCC_NO_COMMON_BLOCKS = YES;
				GCC_OPTIMIZATION_LEVEL = 0;
				GCC_PREPROCESSOR_DEFINITIONS = (
					"DEBUG=1",
					"$(inherited)",
				);
				GCC_WARN_64_TO_32_BIT_CONVERSION = YES;
				GCC_WARN_ABOUT_RETURN_TYPE = YES_ERROR;
				GCC_WARN_UNDECLARED_SELECTOR = YES;
				GCC_WARN_UNINITIALIZED_AUTOS = YES_AGGRESSIVE;
				GCC_WARN_UNUSED_FUNCTION = YES;
				GCC_WARN_UNUSED_VARIABLE = YES;
				IPHONEOS_DEPLOYMENT_TARGET = 16.2;
				MTL_ENABLE_DEBUG_INFO = INCLUDE_SOURCE;
				MTL_FAST_MATH = YES;
				ONLY_ACTIVE_ARCH = YES;
				SDKROOT = iphoneos;
				SWIFT_ACTIVE_COMPILATION_CONDITIONS = DEBUG;
				SWIFT_OPTIMIZATION_LEVEL = "-Onone";
			};
			name = Debug;
		};
		AE7E283E29FAEF6E00801AA6 /* Release */ = {
			isa = XCBuildConfiguration;
			buildSettings = {
				ALWAYS_SEARCH_USER_PATHS = NO;
				CLANG_ANALYZER_NONNULL = YES;
				CLANG_ANALYZER_NUMBER_OBJECT_CONVERSION = YES_AGGRESSIVE;
				CLANG_CXX_LANGUAGE_STANDARD = "gnu++20";
				CLANG_ENABLE_MODULES = YES;
				CLANG_ENABLE_OBJC_ARC = YES;
				CLANG_ENABLE_OBJC_WEAK = YES;
				CLANG_WARN_BLOCK_CAPTURE_AUTORELEASING = YES;
				CLANG_WARN_BOOL_CONVERSION = YES;
				CLANG_WARN_COMMA = YES;
				CLANG_WARN_CONSTANT_CONVERSION = YES;
				CLANG_WARN_DEPRECATED_OBJC_IMPLEMENTATIONS = YES;
				CLANG_WARN_DIRECT_OBJC_ISA_USAGE = YES_ERROR;
				CLANG_WARN_DOCUMENTATION_COMMENTS = YES;
				CLANG_WARN_EMPTY_BODY = YES;
				CLANG_WARN_ENUM_CONVERSION = YES;
				CLANG_WARN_INFINITE_RECURSION = YES;
				CLANG_WARN_INT_CONVERSION = YES;
				CLANG_WARN_NON_LITERAL_NULL_CONVERSION = YES;
				CLANG_WARN_OBJC_IMPLICIT_RETAIN_SELF = YES;
				CLANG_WARN_OBJC_LITERAL_CONVERSION = YES;
				CLANG_WARN_OBJC_ROOT_CLASS = YES_ERROR;
				CLANG_WARN_QUOTED_INCLUDE_IN_FRAMEWORK_HEADER = YES;
				CLANG_WARN_RANGE_LOOP_ANALYSIS = YES;
				CLANG_WARN_STRICT_PROTOTYPES = YES;
				CLANG_WARN_SUSPICIOUS_MOVE = YES;
				CLANG_WARN_UNGUARDED_AVAILABILITY = YES_AGGRESSIVE;
				CLANG_WARN_UNREACHABLE_CODE = YES;
				CLANG_WARN__DUPLICATE_METHOD_MATCH = YES;
				COPY_PHASE_STRIP = NO;
				DEBUG_INFORMATION_FORMAT = "dwarf-with-dsym";
				ENABLE_NS_ASSERTIONS = NO;
				ENABLE_STRICT_OBJC_MSGSEND = YES;
				GCC_C_LANGUAGE_STANDARD = gnu11;
				GCC_NO_COMMON_BLOCKS = YES;
				GCC_WARN_64_TO_32_BIT_CONVERSION = YES;
				GCC_WARN_ABOUT_RETURN_TYPE = YES_ERROR;
				GCC_WARN_UNDECLARED_SELECTOR = YES;
				GCC_WARN_UNINITIALIZED_AUTOS = YES_AGGRESSIVE;
				GCC_WARN_UNUSED_FUNCTION = YES;
				GCC_WARN_UNUSED_VARIABLE = YES;
				IPHONEOS_DEPLOYMENT_TARGET = 16.2;
				MTL_ENABLE_DEBUG_INFO = NO;
				MTL_FAST_MATH = YES;
				SDKROOT = iphoneos;
				SWIFT_COMPILATION_MODE = wholemodule;
				SWIFT_OPTIMIZATION_LEVEL = "-O";
				VALIDATE_PRODUCT = YES;
			};
			name = Release;
		};
		AE7E284029FAEF6E00801AA6 /* Debug */ = {
			isa = XCBuildConfiguration;
			buildSettings = {
				ASSETCATALOG_COMPILER_APPICON_NAME = AppIcon;
				ASSETCATALOG_COMPILER_GLOBAL_ACCENT_COLOR_NAME = AccentColor;
				CODE_SIGN_STYLE = Automatic;
				CURRENT_PROJECT_VERSION = 1;
				DEVELOPMENT_ASSET_PATHS = "\"Project10-Cupcake/Preview Content\"";
				DEVELOPMENT_TEAM = 5H7526UKSL;
				ENABLE_PREVIEWS = YES;
				GENERATE_INFOPLIST_FILE = YES;
				INFOPLIST_KEY_UIApplicationSceneManifest_Generation = YES;
				INFOPLIST_KEY_UIApplicationSupportsIndirectInputEvents = YES;
				INFOPLIST_KEY_UILaunchScreen_Generation = YES;
				INFOPLIST_KEY_UISupportedInterfaceOrientations_iPad = "UIInterfaceOrientationPortrait UIInterfaceOrientationPortraitUpsideDown UIInterfaceOrientationLandscapeLeft UIInterfaceOrientationLandscapeRight";
				INFOPLIST_KEY_UISupportedInterfaceOrientations_iPhone = "UIInterfaceOrientationPortrait UIInterfaceOrientationLandscapeLeft UIInterfaceOrientationLandscapeRight";
				LD_RUNPATH_SEARCH_PATHS = (
					"$(inherited)",
					"@executable_path/Frameworks",
				);
				MARKETING_VERSION = 1.0;
				PRODUCT_BUNDLE_IDENTIFIER = "algebra2boy.Project10-Cupcake";
				PRODUCT_NAME = "$(TARGET_NAME)";
				SWIFT_EMIT_LOC_STRINGS = YES;
				SWIFT_VERSION = 5.0;
				TARGETED_DEVICE_FAMILY = "1,2";
			};
			name = Debug;
		};
		AE7E284129FAEF6E00801AA6 /* Release */ = {
			isa = XCBuildConfiguration;
			buildSettings = {
				ASSETCATALOG_COMPILER_APPICON_NAME = AppIcon;
				ASSETCATALOG_COMPILER_GLOBAL_ACCENT_COLOR_NAME = AccentColor;
				CODE_SIGN_STYLE = Automatic;
				CURRENT_PROJECT_VERSION = 1;
				DEVELOPMENT_ASSET_PATHS = "\"Project10-Cupcake/Preview Content\"";
				DEVELOPMENT_TEAM = 5H7526UKSL;
				ENABLE_PREVIEWS = YES;
				GENERATE_INFOPLIST_FILE = YES;
				INFOPLIST_KEY_UIApplicationSceneManifest_Generation = YES;
				INFOPLIST_KEY_UIApplicationSupportsIndirectInputEvents = YES;
				INFOPLIST_KEY_UILaunchScreen_Generation = YES;
				INFOPLIST_KEY_UISupportedInterfaceOrientations_iPad = "UIInterfaceOrientationPortrait UIInterfaceOrientationPortraitUpsideDown UIInterfaceOrientationLandscapeLeft UIInterfaceOrientationLandscapeRight";
				INFOPLIST_KEY_UISupportedInterfaceOrientations_iPhone = "UIInterfaceOrientationPortrait UIInterfaceOrientationLandscapeLeft UIInterfaceOrientationLandscapeRight";
				LD_RUNPATH_SEARCH_PATHS = (
					"$(inherited)",
					"@executable_path/Frameworks",
				);
				MARKETING_VERSION = 1.0;
				PRODUCT_BUNDLE_IDENTIFIER = "algebra2boy.Project10-Cupcake";
				PRODUCT_NAME = "$(TARGET_NAME)";
				SWIFT_EMIT_LOC_STRINGS = YES;
				SWIFT_VERSION = 5.0;
				TARGETED_DEVICE_FAMILY = "1,2";
			};
			name = Release;
		};
/* End XCBuildConfiguration section */

/* Begin XCConfigurationList section */
		AE7E282C29FAEF6D00801AA6 /* Build configuration list for PBXProject "Project10-Cupcake" */ = {
			isa = XCConfigurationList;
			buildConfigurations = (
				AE7E283D29FAEF6E00801AA6 /* Debug */,
				AE7E283E29FAEF6E00801AA6 /* Release */,
			);
			defaultConfigurationIsVisible = 0;
			defaultConfigurationName = Release;
		};
		AE7E283F29FAEF6E00801AA6 /* Build configuration list for PBXNativeTarget "Project10-Cupcake" */ = {
			isa = XCConfigurationList;
			buildConfigurations = (
				AE7E284029FAEF6E00801AA6 /* Debug */,
				AE7E284129FAEF6E00801AA6 /* Release */,
			);
			defaultConfigurationIsVisible = 0;
			defaultConfigurationName = Release;
		};
/* End XCConfigurationList section */
	};
	rootObject = AE7E282929FAEF6D00801AA6 /* Project object */;
}
