// !$*UTF8*$!
{
	archiveVersion = 1;
	classes = {
	};
	objectVersion = 56;
	objects = {

/* Begin PBXBuildFile section */
		AEBAEE0B2A65CF4400B17838 /* EditView.swift in Sources */ = {isa = PBXBuildFile; fileRef = AEBAEE0A2A65CF4400B17838 /* EditView.swift */; };
		AEE8063E2A64B80E0050B73B /* BucketListApp.swift in Sources */ = {isa = PBXBuildFile; fileRef = AEE8063D2A64B80E0050B73B /* BucketListApp.swift */; };
		AEE806402A64B80E0050B73B /* ContentView.swift in Sources */ = {isa = PBXBuildFile; fileRef = AEE8063F2A64B80E0050B73B /* ContentView.swift */; };
		AEE806422A64B80F0050B73B /* Assets.xcassets in Resources */ = {isa = PBXBuildFile; fileRef = AEE806412A64B80F0050B73B /* Assets.xcassets */; };
		AEE806452A64B80F0050B73B /* Preview Assets.xcassets in Resources */ = {isa = PBXBuildFile; fileRef = AEE806442A64B80F0050B73B /* Preview Assets.xcassets */; };
		AEE8064C2A64B82C0050B73B /* ConformanceToComparable.swift in Sources */ = {isa = PBXBuildFile; fileRef = AEE8064B2A64B82C0050B73B /* ConformanceToComparable.swift */; };
		AEE8064E2A64B9FD0050B73B /* GetDocumentDirectory.swift in Sources */ = {isa = PBXBuildFile; fileRef = AEE8064D2A64B9FD0050B73B /* GetDocumentDirectory.swift */; };
		AEE806502A64C65C0050B73B /* StateWithEnumViews.swift in Sources */ = {isa = PBXBuildFile; fileRef = AEE8064F2A64C65C0050B73B /* StateWithEnumViews.swift */; };
		AEE806562A64CEC20050B73B /* FaceIDAuthen.swift in Sources */ = {isa = PBXBuildFile; fileRef = AEE806552A64CEC20050B73B /* FaceIDAuthen.swift */; };
		AEE806582A64D2F60050B73B /* MapView.swift in Sources */ = {isa = PBXBuildFile; fileRef = AEE806572A64D2F60050B73B /* MapView.swift */; };
		AEE8065A2A64E4480050B73B /* MapLocation.swift in Sources */ = {isa = PBXBuildFile; fileRef = AEE806592A64E4480050B73B /* MapLocation.swift */; };
/* End PBXBuildFile section */

/* Begin PBXFileReference section */
		AEBAEE0A2A65CF4400B17838 /* EditView.swift */ = {isa = PBXFileReference; lastKnownFileType = sourcecode.swift; path = EditView.swift; sourceTree = "<group>"; };
		AEE8063A2A64B80E0050B73B /* BucketList.app */ = {isa = PBXFileReference; explicitFileType = wrapper.application; includeInIndex = 0; path = BucketList.app; sourceTree = BUILT_PRODUCTS_DIR; };
		AEE8063D2A64B80E0050B73B /* BucketListApp.swift */ = {isa = PBXFileReference; lastKnownFileType = sourcecode.swift; path = BucketListApp.swift; sourceTree = "<group>"; };
		AEE8063F2A64B80E0050B73B /* ContentView.swift */ = {isa = PBXFileReference; lastKnownFileType = sourcecode.swift; path = ContentView.swift; sourceTree = "<group>"; };
		AEE806412A64B80F0050B73B /* Assets.xcassets */ = {isa = PBXFileReference; lastKnownFileType = folder.assetcatalog; path = Assets.xcassets; sourceTree = "<group>"; };
		AEE806442A64B80F0050B73B /* Preview Assets.xcassets */ = {isa = PBXFileReference; lastKnownFileType = folder.assetcatalog; path = "Preview Assets.xcassets"; sourceTree = "<group>"; };
		AEE8064B2A64B82C0050B73B /* ConformanceToComparable.swift */ = {isa = PBXFileReference; lastKnownFileType = sourcecode.swift; path = ConformanceToComparable.swift; sourceTree = "<group>"; };
		AEE8064D2A64B9FD0050B73B /* GetDocumentDirectory.swift */ = {isa = PBXFileReference; lastKnownFileType = sourcecode.swift; path = GetDocumentDirectory.swift; sourceTree = "<group>"; };
		AEE8064F2A64C65C0050B73B /* StateWithEnumViews.swift */ = {isa = PBXFileReference; lastKnownFileType = sourcecode.swift; path = StateWithEnumViews.swift; sourceTree = "<group>"; };
		AEE806552A64CEC20050B73B /* FaceIDAuthen.swift */ = {isa = PBXFileReference; lastKnownFileType = sourcecode.swift; path = FaceIDAuthen.swift; sourceTree = "<group>"; };
		AEE806572A64D2F60050B73B /* MapView.swift */ = {isa = PBXFileReference; lastKnownFileType = sourcecode.swift; path = MapView.swift; sourceTree = "<group>"; };
		AEE806592A64E4480050B73B /* MapLocation.swift */ = {isa = PBXFileReference; lastKnownFileType = sourcecode.swift; path = MapLocation.swift; sourceTree = "<group>"; };
/* End PBXFileReference section */

/* Begin PBXFrameworksBuildPhase section */
		AEE806372A64B80E0050B73B /* Frameworks */ = {
			isa = PBXFrameworksBuildPhase;
			buildActionMask = 2147483647;
			files = (
			);
			runOnlyForDeploymentPostprocessing = 0;
		};
/* End PBXFrameworksBuildPhase section */

/* Begin PBXGroup section */
		AEE806312A64B80E0050B73B = {
			isa = PBXGroup;
			children = (
				AEE8063C2A64B80E0050B73B /* BucketList */,
				AEE8063B2A64B80E0050B73B /* Products */,
			);
			sourceTree = "<group>";
		};
		AEE8063B2A64B80E0050B73B /* Products */ = {
			isa = PBXGroup;
			children = (
				AEE8063A2A64B80E0050B73B /* BucketList.app */,
			);
			name = Products;
			sourceTree = "<group>";
		};
		AEE8063C2A64B80E0050B73B /* BucketList */ = {
			isa = PBXGroup;
			children = (
				AEE8063D2A64B80E0050B73B /* BucketListApp.swift */,
				AEE8063F2A64B80E0050B73B /* ContentView.swift */,
				AEE806522A64C78A0050B73B /* Project */,
				AEE806512A64C77E0050B73B /* WarmUp */,
				AEE806412A64B80F0050B73B /* Assets.xcassets */,
				AEE806432A64B80F0050B73B /* Preview Content */,
			);
			path = BucketList;
			sourceTree = "<group>";
		};
		AEE806432A64B80F0050B73B /* Preview Content */ = {
			isa = PBXGroup;
			children = (
				AEE806442A64B80F0050B73B /* Preview Assets.xcassets */,
			);
			path = "Preview Content";
			sourceTree = "<group>";
		};
		AEE806512A64C77E0050B73B /* WarmUp */ = {
			isa = PBXGroup;
			children = (
				AEE8064B2A64B82C0050B73B /* ConformanceToComparable.swift */,
				AEE8064D2A64B9FD0050B73B /* GetDocumentDirectory.swift */,
				AEE8064F2A64C65C0050B73B /* StateWithEnumViews.swift */,
				AEE806552A64CEC20050B73B /* FaceIDAuthen.swift */,
			);
			path = WarmUp;
			sourceTree = "<group>";
		};
		AEE806522A64C78A0050B73B /* Project */ = {
			isa = PBXGroup;
			children = (
				AEE806572A64D2F60050B73B /* MapView.swift */,
				AEBAEE0A2A65CF4400B17838 /* EditView.swift */,
				AEE806592A64E4480050B73B /* MapLocation.swift */,
			);
			path = Project;
			sourceTree = "<group>";
		};
/* End PBXGroup section */

/* Begin PBXNativeTarget section */
		AEE806392A64B80E0050B73B /* BucketList */ = {
			isa = PBXNativeTarget;
			buildConfigurationList = AEE806482A64B80F0050B73B /* Build configuration list for PBXNativeTarget "BucketList" */;
			buildPhases = (
				AEE806362A64B80E0050B73B /* Sources */,
				AEE806372A64B80E0050B73B /* Frameworks */,
				AEE806382A64B80E0050B73B /* Resources */,
			);
			buildRules = (
			);
			dependencies = (
			);
			name = BucketList;
			productName = BucketList;
			productReference = AEE8063A2A64B80E0050B73B /* BucketList.app */;
			productType = "com.apple.product-type.application";
		};
/* End PBXNativeTarget section */

/* Begin PBXProject section */
		AEE806322A64B80E0050B73B /* Project object */ = {
			isa = PBXProject;
			attributes = {
				BuildIndependentTargetsInParallel = 1;
				LastSwiftUpdateCheck = 1500;
				LastUpgradeCheck = 1500;
				TargetAttributes = {
					AEE806392A64B80E0050B73B = {
						CreatedOnToolsVersion = 15.0;
					};
				};
			};
			buildConfigurationList = AEE806352A64B80E0050B73B /* Build configuration list for PBXProject "BucketList" */;
			compatibilityVersion = "Xcode 14.0";
			developmentRegion = en;
			hasScannedForEncodings = 0;
			knownRegions = (
				en,
				Base,
			);
			mainGroup = AEE806312A64B80E0050B73B;
			productRefGroup = AEE8063B2A64B80E0050B73B /* Products */;
			projectDirPath = "";
			projectRoot = "";
			targets = (
				AEE806392A64B80E0050B73B /* BucketList */,
			);
		};
/* End PBXProject section */

/* Begin PBXResourcesBuildPhase section */
		AEE806382A64B80E0050B73B /* Resources */ = {
			isa = PBXResourcesBuildPhase;
			buildActionMask = 2147483647;
			files = (
				AEE806452A64B80F0050B73B /* Preview Assets.xcassets in Resources */,
				AEE806422A64B80F0050B73B /* Assets.xcassets in Resources */,
			);
			runOnlyForDeploymentPostprocessing = 0;
		};
/* End PBXResourcesBuildPhase section */

/* Begin PBXSourcesBuildPhase section */
		AEE806362A64B80E0050B73B /* Sources */ = {
			isa = PBXSourcesBuildPhase;
			buildActionMask = 2147483647;
			files = (
				AEE806402A64B80E0050B73B /* ContentView.swift in Sources */,
				AEE806582A64D2F60050B73B /* MapView.swift in Sources */,
				AEE8064E2A64B9FD0050B73B /* GetDocumentDirectory.swift in Sources */,
				AEE806502A64C65C0050B73B /* StateWithEnumViews.swift in Sources */,
				AEE8065A2A64E4480050B73B /* MapLocation.swift in Sources */,
				AEBAEE0B2A65CF4400B17838 /* EditView.swift in Sources */,
				AEE806562A64CEC20050B73B /* FaceIDAuthen.swift in Sources */,
				AEE8064C2A64B82C0050B73B /* ConformanceToComparable.swift in Sources */,
				AEE8063E2A64B80E0050B73B /* BucketListApp.swift in Sources */,
			);
			runOnlyForDeploymentPostprocessing = 0;
		};
/* End PBXSourcesBuildPhase section */

/* Begin XCBuildConfiguration section */
		AEE806462A64B80F0050B73B /* Debug */ = {
			isa = XCBuildConfiguration;
			buildSettings = {
				ALWAYS_SEARCH_USER_PATHS = NO;
				ASSETCATALOG_COMPILER_GENERATE_SWIFT_ASSET_SYMBOL_EXTENSIONS = YES;
				CLANG_ANALYZER_NONNULL = YES;
				CLANG_ANALYZER_NUMBER_OBJECT_CONVERSION = YES_AGGRESSIVE;
				CLANG_CXX_LANGUAGE_STANDARD = "gnu++20";
				CLANG_ENABLE_MODULES = YES;
				CLANG_ENABLE_OBJC_ARC = YES;
				CLANG_ENABLE_OBJC_WEAK = YES;
				CLANG_WARN_BLOCK_CAPTURE_AUTORELEASING = YES;
				CLANG_WARN_BOOL_CONVERSION = YES;
				CLANG_WARN_COMMA = YES;
				CLANG_WARN_CONSTANT_CONVERSION = YES;
				CLANG_WARN_DEPRECATED_OBJC_IMPLEMENTATIONS = YES;
				CLANG_WARN_DIRECT_OBJC_ISA_USAGE = YES_ERROR;
				CLANG_WARN_DOCUMENTATION_COMMENTS = YES;
				CLANG_WARN_EMPTY_BODY = YES;
				CLANG_WARN_ENUM_CONVERSION = YES;
				CLANG_WARN_INFINITE_RECURSION = YES;
				CLANG_WARN_INT_CONVERSION = YES;
				CLANG_WARN_NON_LITERAL_NULL_CONVERSION = YES;
				CLANG_WARN_OBJC_IMPLICIT_RETAIN_SELF = YES;
				CLANG_WARN_OBJC_LITERAL_CONVERSION = YES;
				CLANG_WARN_OBJC_ROOT_CLASS = YES_ERROR;
				CLANG_WARN_QUOTED_INCLUDE_IN_FRAMEWORK_HEADER = YES;
				CLANG_WARN_RANGE_LOOP_ANALYSIS = YES;
				CLANG_WARN_STRICT_PROTOTYPES = YES;
				CLANG_WARN_SUSPICIOUS_MOVE = YES;
				CLANG_WARN_UNGUARDED_AVAILABILITY = YES_AGGRESSIVE;
				CLANG_WARN_UNREACHABLE_CODE = YES;
				CLANG_WARN__DUPLICATE_METHOD_MATCH = YES;
				COPY_PHASE_STRIP = NO;
				DEBUG_INFORMATION_FORMAT = dwarf;
				ENABLE_STRICT_OBJC_MSGSEND = YES;
				ENABLE_TESTABILITY = YES;
				ENABLE_USER_SCRIPT_SANDBOXING = YES;
				GCC_C_LANGUAGE_STANDARD = gnu17;
				GCC_DYNAMIC_NO_PIC = NO;
				GCC_NO_COMMON_BLOCKS = YES;
				GCC_OPTIMIZATION_LEVEL = 0;
				GCC_PREPROCESSOR_DEFINITIONS = (
					"DEBUG=1",
					"$(inherited)",
				);
				GCC_WARN_64_TO_32_BIT_CONVERSION = YES;
				GCC_WARN_ABOUT_RETURN_TYPE = YES_ERROR;
				GCC_WARN_UNDECLARED_SELECTOR = YES;
				GCC_WARN_UNINITIALIZED_AUTOS = YES_AGGRESSIVE;
				GCC_WARN_UNUSED_FUNCTION = YES;
				GCC_WARN_UNUSED_VARIABLE = YES;
				IPHONEOS_DEPLOYMENT_TARGET = 17.0;
				LOCALIZATION_PREFERS_STRING_CATALOGS = YES;
				MTL_ENABLE_DEBUG_INFO = INCLUDE_SOURCE;
				MTL_FAST_MATH = YES;
				ONLY_ACTIVE_ARCH = YES;
				SDKROOT = iphoneos;
				SWIFT_ACTIVE_COMPILATION_CONDITIONS = "DEBUG $(inherited)";
				SWIFT_OPTIMIZATION_LEVEL = "-Onone";
			};
			name = Debug;
		};
		AEE806472A64B80F0050B73B /* Release */ = {
			isa = XCBuildConfiguration;
			buildSettings = {
				ALWAYS_SEARCH_USER_PATHS = NO;
				ASSETCATALOG_COMPILER_GENERATE_SWIFT_ASSET_SYMBOL_EXTENSIONS = YES;
				CLANG_ANALYZER_NONNULL = YES;
				CLANG_ANALYZER_NUMBER_OBJECT_CONVERSION = YES_AGGRESSIVE;
				CLANG_CXX_LANGUAGE_STANDARD = "gnu++20";
				CLANG_ENABLE_MODULES = YES;
				CLANG_ENABLE_OBJC_ARC = YES;
				CLANG_ENABLE_OBJC_WEAK = YES;
				CLANG_WARN_BLOCK_CAPTURE_AUTORELEASING = YES;
				CLANG_WARN_BOOL_CONVERSION = YES;
				CLANG_WARN_COMMA = YES;
				CLANG_WARN_CONSTANT_CONVERSION = YES;
				CLANG_WARN_DEPRECATED_OBJC_IMPLEMENTATIONS = YES;
				CLANG_WARN_DIRECT_OBJC_ISA_USAGE = YES_ERROR;
				CLANG_WARN_DOCUMENTATION_COMMENTS = YES;
				CLANG_WARN_EMPTY_BODY = YES;
				CLANG_WARN_ENUM_CONVERSION = YES;
				CLANG_WARN_INFINITE_RECURSION = YES;
				CLANG_WARN_INT_CONVERSION = YES;
				CLANG_WARN_NON_LITERAL_NULL_CONVERSION = YES;
				CLANG_WARN_OBJC_IMPLICIT_RETAIN_SELF = YES;
				CLANG_WARN_OBJC_LITERAL_CONVERSION = YES;
				CLANG_WARN_OBJC_ROOT_CLASS = YES_ERROR;
				CLANG_WARN_QUOTED_INCLUDE_IN_FRAMEWORK_HEADER = YES;
				CLANG_WARN_RANGE_LOOP_ANALYSIS = YES;
				CLANG_WARN_STRICT_PROTOTYPES = YES;
				CLANG_WARN_SUSPICIOUS_MOVE = YES;
				CLANG_WARN_UNGUARDED_AVAILABILITY = YES_AGGRESSIVE;
				CLANG_WARN_UNREACHABLE_CODE = YES;
				CLANG_WARN__DUPLICATE_METHOD_MATCH = YES;
				COPY_PHASE_STRIP = NO;
				DEBUG_INFORMATION_FORMAT = "dwarf-with-dsym";
				ENABLE_NS_ASSERTIONS = NO;
				ENABLE_STRICT_OBJC_MSGSEND = YES;
				ENABLE_USER_SCRIPT_SANDBOXING = YES;
				GCC_C_LANGUAGE_STANDARD = gnu17;
				GCC_NO_COMMON_BLOCKS = YES;
				GCC_WARN_64_TO_32_BIT_CONVERSION = YES;
				GCC_WARN_ABOUT_RETURN_TYPE = YES_ERROR;
				GCC_WARN_UNDECLARED_SELECTOR = YES;
				GCC_WARN_UNINITIALIZED_AUTOS = YES_AGGRESSIVE;
				GCC_WARN_UNUSED_FUNCTION = YES;
				GCC_WARN_UNUSED_VARIABLE = YES;
				IPHONEOS_DEPLOYMENT_TARGET = 17.0;
				LOCALIZATION_PREFERS_STRING_CATALOGS = YES;
				MTL_ENABLE_DEBUG_INFO = NO;
				MTL_FAST_MATH = YES;
				SDKROOT = iphoneos;
				SWIFT_COMPILATION_MODE = wholemodule;
				VALIDATE_PRODUCT = YES;
			};
			name = Release;
		};
		AEE806492A64B80F0050B73B /* Debug */ = {
			isa = XCBuildConfiguration;
			buildSettings = {
				ASSETCATALOG_COMPILER_APPICON_NAME = AppIcon;
				ASSETCATALOG_COMPILER_GLOBAL_ACCENT_COLOR_NAME = AccentColor;
				CODE_SIGN_STYLE = Automatic;
				CURRENT_PROJECT_VERSION = 1;
				DEVELOPMENT_ASSET_PATHS = "\"BucketList/Preview Content\"";
				DEVELOPMENT_TEAM = M7639QK8P7;
				ENABLE_PREVIEWS = YES;
				GENERATE_INFOPLIST_FILE = YES;
				INFOPLIST_KEY_NSFaceIDUsageDescription = "We need to unlock your data.";
				INFOPLIST_KEY_UIApplicationSceneManifest_Generation = YES;
				INFOPLIST_KEY_UIApplicationSupportsIndirectInputEvents = YES;
				INFOPLIST_KEY_UILaunchScreen_Generation = YES;
				INFOPLIST_KEY_UISupportedInterfaceOrientations_iPad = "UIInterfaceOrientationPortrait UIInterfaceOrientationPortraitUpsideDown UIInterfaceOrientationLandscapeLeft UIInterfaceOrientationLandscapeRight";
				INFOPLIST_KEY_UISupportedInterfaceOrientations_iPhone = "UIInterfaceOrientationPortrait UIInterfaceOrientationLandscapeLeft UIInterfaceOrientationLandscapeRight";
				IPHONEOS_DEPLOYMENT_TARGET = 17.0;
				LD_RUNPATH_SEARCH_PATHS = (
					"$(inherited)",
					"@executable_path/Frameworks",
				);
				MARKETING_VERSION = 1.0;
				PRODUCT_BUNDLE_IDENTIFIER = algebra2boy.BucketList;
				PRODUCT_NAME = "$(TARGET_NAME)";
				SWIFT_EMIT_LOC_STRINGS = YES;
				SWIFT_VERSION = 5.0;
				TARGETED_DEVICE_FAMILY = "1,2";
			};
			name = Debug;
		};
		AEE8064A2A64B80F0050B73B /* Release */ = {
			isa = XCBuildConfiguration;
			buildSettings = {
				ASSETCATALOG_COMPILER_APPICON_NAME = AppIcon;
				ASSETCATALOG_COMPILER_GLOBAL_ACCENT_COLOR_NAME = AccentColor;
				CODE_SIGN_STYLE = Automatic;
				CURRENT_PROJECT_VERSION = 1;
				DEVELOPMENT_ASSET_PATHS = "\"BucketList/Preview Content\"";
				DEVELOPMENT_TEAM = M7639QK8P7;
				ENABLE_PREVIEWS = YES;
				GENERATE_INFOPLIST_FILE = YES;
				INFOPLIST_KEY_NSFaceIDUsageDescription = "We need to unlock your data.";
				INFOPLIST_KEY_UIApplicationSceneManifest_Generation = YES;
				INFOPLIST_KEY_UIApplicationSupportsIndirectInputEvents = YES;
				INFOPLIST_KEY_UILaunchScreen_Generation = YES;
				INFOPLIST_KEY_UISupportedInterfaceOrientations_iPad = "UIInterfaceOrientationPortrait UIInterfaceOrientationPortraitUpsideDown UIInterfaceOrientationLandscapeLeft UIInterfaceOrientationLandscapeRight";
				INFOPLIST_KEY_UISupportedInterfaceOrientations_iPhone = "UIInterfaceOrientationPortrait UIInterfaceOrientationLandscapeLeft UIInterfaceOrientationLandscapeRight";
				IPHONEOS_DEPLOYMENT_TARGET = 17.0;
				LD_RUNPATH_SEARCH_PATHS = (
					"$(inherited)",
					"@executable_path/Frameworks",
				);
				MARKETING_VERSION = 1.0;
				PRODUCT_BUNDLE_IDENTIFIER = algebra2boy.BucketList;
				PRODUCT_NAME = "$(TARGET_NAME)";
				SWIFT_EMIT_LOC_STRINGS = YES;
				SWIFT_VERSION = 5.0;
				TARGETED_DEVICE_FAMILY = "1,2";
			};
			name = Release;
		};
/* End XCBuildConfiguration section */

/* Begin XCConfigurationList section */
		AEE806352A64B80E0050B73B /* Build configuration list for PBXProject "BucketList" */ = {
			isa = XCConfigurationList;
			buildConfigurations = (
				AEE806462A64B80F0050B73B /* Debug */,
				AEE806472A64B80F0050B73B /* Release */,
			);
			defaultConfigurationIsVisible = 0;
			defaultConfigurationName = Release;
		};
		AEE806482A64B80F0050B73B /* Build configuration list for PBXNativeTarget "BucketList" */ = {
			isa = XCConfigurationList;
			buildConfigurations = (
				AEE806492A64B80F0050B73B /* Debug */,
				AEE8064A2A64B80F0050B73B /* Release */,
			);
			defaultConfigurationIsVisible = 0;
			defaultConfigurationName = Release;
		};
/* End XCConfigurationList section */
	};
	rootObject = AEE806322A64B80E0050B73B /* Project object */;
}
