// !$*UTF8*$!
{
	archiveVersion = 1;
	classes = {
	};
	objectVersion = 60;
	objects = {

/* Begin PBXBuildFile section */
		678E13E02C3B5DE700142C11 /* FirstIpadAppApp.swift in Sources */ = {isa = PBXBuildFile; fileRef = 678E13DF2C3B5DE700142C11 /* FirstIpadAppApp.swift */; };
		678E13E22C3B5DE700142C11 /* ContentView.swift in Sources */ = {isa = PBXBuildFile; fileRef = 678E13E12C3B5DE700142C11 /* ContentView.swift */; };
		678E13E42C3B5DE800142C11 /* Assets.xcassets in Resources */ = {isa = PBXBuildFile; fileRef = 678E13E32C3B5DE800142C11 /* Assets.xcassets */; };
		678E13E82C3B5DE800142C11 /* Preview Assets.xcassets in Resources */ = {isa = PBXBuildFile; fileRef = 678E13E72C3B5DE800142C11 /* Preview Assets.xcassets */; };
		678E13FC2C3B5DE800142C11 /* FirstIpadAppUITests.swift in Sources */ = {isa = PBXBuildFile; fileRef = 678E13FB2C3B5DE800142C11 /* FirstIpadAppUITests.swift */; };
		678E13FE2C3B5DE800142C11 /* FirstIpadAppUITestsLaunchTests.swift in Sources */ = {isa = PBXBuildFile; fileRef = 678E13FD2C3B5DE800142C11 /* FirstIpadAppUITestsLaunchTests.swift */; };
/* End PBXBuildFile section */

/* Begin PBXContainerItemProxy section */
		678E13EE2C3B5DE800142C11 /* PBXContainerItemProxy */ = {
			isa = PBXContainerItemProxy;
			containerPortal = 678E13D42C3B5DE700142C11 /* Project object */;
			proxyType = 1;
			remoteGlobalIDString = 678E13DB2C3B5DE700142C11;
			remoteInfo = FirstIpadApp;
		};
		678E13F82C3B5DE800142C11 /* PBXContainerItemProxy */ = {
			isa = PBXContainerItemProxy;
			containerPortal = 678E13D42C3B5DE700142C11 /* Project object */;
			proxyType = 1;
			remoteGlobalIDString = 678E13DB2C3B5DE700142C11;
			remoteInfo = FirstIpadApp;
		};
/* End PBXContainerItemProxy section */

/* Begin PBXFileReference section */
		678E13DC2C3B5DE700142C11 /* FirstIpadApp.app */ = {isa = PBXFileReference; explicitFileType = wrapper.application; includeInIndex = 0; path = FirstIpadApp.app; sourceTree = BUILT_PRODUCTS_DIR; };
		678E13DF2C3B5DE700142C11 /* FirstIpadAppApp.swift */ = {isa = PBXFileReference; lastKnownFileType = sourcecode.swift; path = FirstIpadAppApp.swift; sourceTree = "<group>"; };
		678E13E12C3B5DE700142C11 /* ContentView.swift */ = {isa = PBXFileReference; lastKnownFileType = sourcecode.swift; path = ContentView.swift; sourceTree = "<group>"; };
		678E13E32C3B5DE800142C11 /* Assets.xcassets */ = {isa = PBXFileReference; lastKnownFileType = folder.assetcatalog; path = Assets.xcassets; sourceTree = "<group>"; };
		678E13E52C3B5DE800142C11 /* FirstIpadApp.entitlements */ = {isa = PBXFileReference; lastKnownFileType = text.plist.entitlements; path = FirstIpadApp.entitlements; sourceTree = "<group>"; };
		678E13E72C3B5DE800142C11 /* Preview Assets.xcassets */ = {isa = PBXFileReference; lastKnownFileType = folder.assetcatalog; path = "Preview Assets.xcassets"; sourceTree = "<group>"; };
		678E13ED2C3B5DE800142C11 /* FirstIpadAppTests.xctest */ = {isa = PBXFileReference; explicitFileType = wrapper.cfbundle; includeInIndex = 0; path = FirstIpadAppTests.xctest; sourceTree = BUILT_PRODUCTS_DIR; };
		678E13F12C3B5DE800142C11 /* FirstIpadAppTests.swift */ = {isa = PBXFileReference; lastKnownFileType = sourcecode.swift; path = FirstIpadAppTests.swift; sourceTree = "<group>"; };
		678E13F72C3B5DE800142C11 /* FirstIpadAppUITests.xctest */ = {isa = PBXFileReference; explicitFileType = wrapper.cfbundle; includeInIndex = 0; path = FirstIpadAppUITests.xctest; sourceTree = BUILT_PRODUCTS_DIR; };
		678E13FB2C3B5DE800142C11 /* FirstIpadAppUITests.swift */ = {isa = PBXFileReference; lastKnownFileType = sourcecode.swift; path = FirstIpadAppUITests.swift; sourceTree = "<group>"; };
		678E13FD2C3B5DE800142C11 /* FirstIpadAppUITestsLaunchTests.swift */ = {isa = PBXFileReference; lastKnownFileType = sourcecode.swift; path = FirstIpadAppUITestsLaunchTests.swift; sourceTree = "<group>"; };
/* End PBXFileReference section */

/* Begin PBXFrameworksBuildPhase section */
		678E13D92C3B5DE700142C11 /* Frameworks */ = {
			isa = PBXFrameworksBuildPhase;
			buildActionMask = 2147483647;
			files = (
			);
			runOnlyForDeploymentPostprocessing = 0;
		};
		678E13EA2C3B5DE800142C11 /* Frameworks */ = {
			isa = PBXFrameworksBuildPhase;
			buildActionMask = 2147483647;
			files = (
			);
			runOnlyForDeploymentPostprocessing = 0;
		};
		678E13F42C3B5DE800142C11 /* Frameworks */ = {
			isa = PBXFrameworksBuildPhase;
			buildActionMask = 2147483647;
			files = (
			);
			runOnlyForDeploymentPostprocessing = 0;
		};
/* End PBXFrameworksBuildPhase section */

/* Begin PBXGroup section */
		678E13D32C3B5DE700142C11 = {
			isa = PBXGroup;
			children = (
				678E13DE2C3B5DE700142C11 /* FirstIpadApp */,
				678E13F02C3B5DE800142C11 /* FirstIpadAppTests */,
				678E13FA2C3B5DE800142C11 /* FirstIpadAppUITests */,
				678E13DD2C3B5DE700142C11 /* Products */,
			);
			sourceTree = "<group>";
		};
		678E13DD2C3B5DE700142C11 /* Products */ = {
			isa = PBXGroup;
			children = (
				678E13DC2C3B5DE700142C11 /* FirstIpadApp.app */,
				678E13ED2C3B5DE800142C11 /* FirstIpadAppTests.xctest */,
				678E13F72C3B5DE800142C11 /* FirstIpadAppUITests.xctest */,
			);
			name = Products;
			sourceTree = "<group>";
		};
		678E13DE2C3B5DE700142C11 /* FirstIpadApp */ = {
			isa = PBXGroup;
			children = (
				678E13DF2C3B5DE700142C11 /* FirstIpadAppApp.swift */,
				678E13E12C3B5DE700142C11 /* ContentView.swift */,
				678E13E32C3B5DE800142C11 /* Assets.xcassets */,
				678E13E52C3B5DE800142C11 /* FirstIpadApp.entitlements */,
				678E13E62C3B5DE800142C11 /* Preview Content */,
			);
			path = FirstIpadApp;
			sourceTree = "<group>";
		};
		678E13E62C3B5DE800142C11 /* Preview Content */ = {
			isa = PBXGroup;
			children = (
				678E13E72C3B5DE800142C11 /* Preview Assets.xcassets */,
			);
			path = "Preview Content";
			sourceTree = "<group>";
		};
		678E13F02C3B5DE800142C11 /* FirstIpadAppTests */ = {
			isa = PBXGroup;
			children = (
				678E13F12C3B5DE800142C11 /* FirstIpadAppTests.swift */,
			);
			path = FirstIpadAppTests;
			sourceTree = "<group>";
		};
		678E13FA2C3B5DE800142C11 /* FirstIpadAppUITests */ = {
			isa = PBXGroup;
			children = (
				678E13FB2C3B5DE800142C11 /* FirstIpadAppUITests.swift */,
				678E13FD2C3B5DE800142C11 /* FirstIpadAppUITestsLaunchTests.swift */,
			);
			path = FirstIpadAppUITests;
			sourceTree = "<group>";
		};
/* End PBXGroup section */

/* Begin PBXNativeTarget section */
		678E13DB2C3B5DE700142C11 /* FirstIpadApp */ = {
			isa = PBXNativeTarget;
			buildConfigurationList = 678E14012C3B5DE800142C11 /* Build configuration list for PBXNativeTarget "FirstIpadApp" */;
			buildPhases = (
				678E13D82C3B5DE700142C11 /* Sources */,
				678E13D92C3B5DE700142C11 /* Frameworks */,
				678E13DA2C3B5DE700142C11 /* Resources */,
			);
			buildRules = (
			);
			dependencies = (
			);
			name = FirstIpadApp;
			productName = FirstIpadApp;
			productReference = 678E13DC2C3B5DE700142C11 /* FirstIpadApp.app */;
			productType = "com.apple.product-type.application";
		};
		678E13EC2C3B5DE800142C11 /* FirstIpadAppTests */ = {
			isa = PBXNativeTarget;
			buildConfigurationList = 678E14042C3B5DE800142C11 /* Build configuration list for PBXNativeTarget "FirstIpadAppTests" */;
			buildPhases = (
				678E13E92C3B5DE800142C11 /* Sources */,
				678E13EA2C3B5DE800142C11 /* Frameworks */,
				678E13EB2C3B5DE800142C11 /* Resources */,
			);
			buildRules = (
			);
			dependencies = (
				678E13EF2C3B5DE800142C11 /* PBXTargetDependency */,
			);
			name = FirstIpadAppTests;
			productName = FirstIpadAppTests;
			productReference = 678E13ED2C3B5DE800142C11 /* FirstIpadAppTests.xctest */;
			productType = "com.apple.product-type.bundle.unit-test";
		};
		678E13F62C3B5DE800142C11 /* FirstIpadAppUITests */ = {
			isa = PBXNativeTarget;
			buildConfigurationList = 678E14072C3B5DE800142C11 /* Build configuration list for PBXNativeTarget "FirstIpadAppUITests" */;
			buildPhases = (
				678E13F32C3B5DE800142C11 /* Sources */,
				678E13F42C3B5DE800142C11 /* Frameworks */,
				678E13F52C3B5DE800142C11 /* Resources */,
			);
			buildRules = (
			);
			dependencies = (
				678E13F92C3B5DE800142C11 /* PBXTargetDependency */,
			);
			name = FirstIpadAppUITests;
			productName = FirstIpadAppUITests;
			productReference = 678E13F72C3B5DE800142C11 /* FirstIpadAppUITests.xctest */;
			productType = "com.apple.product-type.bundle.ui-testing";
		};
/* End PBXNativeTarget section */

/* Begin PBXProject section */
		678E13D42C3B5DE700142C11 /* Project object */ = {
			isa = PBXProject;
			attributes = {
				BuildIndependentTargetsInParallel = 1;
				LastSwiftUpdateCheck = 1600;
				LastUpgradeCheck = 1600;
				TargetAttributes = {
					678E13DB2C3B5DE700142C11 = {
						CreatedOnToolsVersion = 16.0;
					};
					678E13EC2C3B5DE800142C11 = {
						CreatedOnToolsVersion = 16.0;
						TestTargetID = 678E13DB2C3B5DE700142C11;
					};
					678E13F62C3B5DE800142C11 = {
						CreatedOnToolsVersion = 16.0;
						TestTargetID = 678E13DB2C3B5DE700142C11;
					};
				};
			};
			buildConfigurationList = 678E13D72C3B5DE700142C11 /* Build configuration list for PBXProject "FirstIpadApp" */;
			compatibilityVersion = "Xcode 15.0";
			developmentRegion = en;
			hasScannedForEncodings = 0;
			knownRegions = (
				en,
				Base,
			);
			mainGroup = 678E13D32C3B5DE700142C11;
			productRefGroup = 678E13DD2C3B5DE700142C11 /* Products */;
			projectDirPath = "";
			projectRoot = "";
			targets = (
				678E13DB2C3B5DE700142C11 /* FirstIpadApp */,
				678E13EC2C3B5DE800142C11 /* FirstIpadAppTests */,
				678E13F62C3B5DE800142C11 /* FirstIpadAppUITests */,
			);
		};
/* End PBXProject section */

/* Begin PBXResourcesBuildPhase section */
		678E13DA2C3B5DE700142C11 /* Resources */ = {
			isa = PBXResourcesBuildPhase;
			buildActionMask = 2147483647;
			files = (
				678E13E82C3B5DE800142C11 /* Preview Assets.xcassets in Resources */,
				678E13E42C3B5DE800142C11 /* Assets.xcassets in Resources */,
			);
			runOnlyForDeploymentPostprocessing = 0;
		};
		678E13EB2C3B5DE800142C11 /* Resources */ = {
			isa = PBXResourcesBuildPhase;
			buildActionMask = 2147483647;
			files = (
			);
			runOnlyForDeploymentPostprocessing = 0;
		};
		678E13F52C3B5DE800142C11 /* Resources */ = {
			isa = PBXResourcesBuildPhase;
			buildActionMask = 2147483647;
			files = (
			);
			runOnlyForDeploymentPostprocessing = 0;
		};
/* End PBXResourcesBuildPhase section */

/* Begin PBXSourcesBuildPhase section */
		678E13D82C3B5DE700142C11 /* Sources */ = {
			isa = PBXSourcesBuildPhase;
			buildActionMask = 2147483647;
			files = (
				678E13E22C3B5DE700142C11 /* ContentView.swift in Sources */,
				678E13E02C3B5DE700142C11 /* FirstIpadAppApp.swift in Sources */,
			);
			runOnlyForDeploymentPostprocessing = 0;
		};
		678E13E92C3B5DE800142C11 /* Sources */ = {
			isa = PBXSourcesBuildPhase;
			buildActionMask = 2147483647;
			files = (
				678E13F22C3B5DE800142C11 /* FirstIpadAppTests.swift in Sources */,
			);
			runOnlyForDeploymentPostprocessing = 0;
		};
		678E13F32C3B5DE800142C11 /* Sources */ = {
			isa = PBXSourcesBuildPhase;
			buildActionMask = 2147483647;
			files = (
				678E13FC2C3B5DE800142C11 /* FirstIpadAppUITests.swift in Sources */,
				678E13FE2C3B5DE800142C11 /* FirstIpadAppUITestsLaunchTests.swift in Sources */,
			);
			runOnlyForDeploymentPostprocessing = 0;
		};
/* End PBXSourcesBuildPhase section */

/* Begin PBXTargetDependency section */
		678E13EF2C3B5DE800142C11 /* PBXTargetDependency */ = {
			isa = PBXTargetDependency;
			target = 678E13DB2C3B5DE700142C11 /* FirstIpadApp */;
			targetProxy = 678E13EE2C3B5DE800142C11 /* PBXContainerItemProxy */;
		};
		678E13F92C3B5DE800142C11 /* PBXTargetDependency */ = {
			isa = PBXTargetDependency;
			target = 678E13DB2C3B5DE700142C11 /* FirstIpadApp */;
			targetProxy = 678E13F82C3B5DE800142C11 /* PBXContainerItemProxy */;
		};
/* End PBXTargetDependency section */

/* Begin XCBuildConfiguration section */
		678E13FF2C3B5DE800142C11 /* Debug */ = {
			isa = XCBuildConfiguration;
			buildSettings = {
				ALWAYS_SEARCH_USER_PATHS = NO;
				ASSETCATALOG_COMPILER_GENERATE_SWIFT_ASSET_SYMBOL_EXTENSIONS = YES;
				CLANG_ANALYZER_NONNULL = YES;
				CLANG_ANALYZER_NUMBER_OBJECT_CONVERSION = YES_AGGRESSIVE;
				CLANG_CXX_LANGUAGE_STANDARD = "gnu++20";
				CLANG_ENABLE_MODULES = YES;
				CLANG_ENABLE_OBJC_ARC = YES;
				CLANG_ENABLE_OBJC_WEAK = YES;
				CLANG_WARN_BLOCK_CAPTURE_AUTORELEASING = YES;
				CLANG_WARN_BOOL_CONVERSION = YES;
				CLANG_WARN_COMMA = YES;
				CLANG_WARN_CONSTANT_CONVERSION = YES;
				CLANG_WARN_DEPRECATED_OBJC_IMPLEMENTATIONS = YES;
				CLANG_WARN_DIRECT_OBJC_ISA_USAGE = YES_ERROR;
				CLANG_WARN_DOCUMENTATION_COMMENTS = YES;
				CLANG_WARN_EMPTY_BODY = YES;
				CLANG_WARN_ENUM_CONVERSION = YES;
				CLANG_WARN_INFINITE_RECURSION = YES;
				CLANG_WARN_INT_CONVERSION = YES;
				CLANG_WARN_NON_LITERAL_NULL_CONVERSION = YES;
				CLANG_WARN_OBJC_IMPLICIT_RETAIN_SELF = YES;
				CLANG_WARN_OBJC_LITERAL_CONVERSION = YES;
				CLANG_WARN_OBJC_ROOT_CLASS = YES_ERROR;
				CLANG_WARN_QUOTED_INCLUDE_IN_FRAMEWORK_HEADER = YES;
				CLANG_WARN_RANGE_LOOP_ANALYSIS = YES;
				CLANG_WARN_STRICT_PROTOTYPES = YES;
				CLANG_WARN_SUSPICIOUS_MOVE = YES;
				CLANG_WARN_UNGUARDED_AVAILABILITY = YES_AGGRESSIVE;
				CLANG_WARN_UNREACHABLE_CODE = YES;
				CLANG_WARN__DUPLICATE_METHOD_MATCH = YES;
				COPY_PHASE_STRIP = NO;
				DEBUG_INFORMATION_FORMAT = dwarf;
				ENABLE_STRICT_OBJC_MSGSEND = YES;
				ENABLE_TESTABILITY = YES;
				ENABLE_USER_SCRIPT_SANDBOXING = YES;
				GCC_C_LANGUAGE_STANDARD = gnu17;
				GCC_DYNAMIC_NO_PIC = NO;
				GCC_NO_COMMON_BLOCKS = YES;
				GCC_OPTIMIZATION_LEVEL = 0;
				GCC_PREPROCESSOR_DEFINITIONS = (
					"DEBUG=1",
					"$(inherited)",
				);
				GCC_WARN_64_TO_32_BIT_CONVERSION = YES;
				GCC_WARN_ABOUT_RETURN_TYPE = YES_ERROR;
				GCC_WARN_UNDECLARED_SELECTOR = YES;
				GCC_WARN_UNINITIALIZED_AUTOS = YES_AGGRESSIVE;
				GCC_WARN_UNUSED_FUNCTION = YES;
				GCC_WARN_UNUSED_VARIABLE = YES;
				LOCALIZATION_PREFERS_STRING_CATALOGS = YES;
				MTL_ENABLE_DEBUG_INFO = INCLUDE_SOURCE;
				MTL_FAST_MATH = YES;
				ONLY_ACTIVE_ARCH = YES;
				SWIFT_ACTIVE_COMPILATION_CONDITIONS = "DEBUG $(inherited)";
				SWIFT_OPTIMIZATION_LEVEL = "-Onone";
			};
			name = Debug;
		};
		678E14002C3B5DE800142C11 /* Release */ = {
			isa = XCBuildConfiguration;
			buildSettings = {
				ALWAYS_SEARCH_USER_PATHS = NO;
				ASSETCATALOG_COMPILER_GENERATE_SWIFT_ASSET_SYMBOL_EXTENSIONS = YES;
				CLANG_ANALYZER_NONNULL = YES;
				CLANG_ANALYZER_NUMBER_OBJECT_CONVERSION = YES_AGGRESSIVE;
				CLANG_CXX_LANGUAGE_STANDARD = "gnu++20";
				CLANG_ENABLE_MODULES = YES;
				CLANG_ENABLE_OBJC_ARC = YES;
				CLANG_ENABLE_OBJC_WEAK = YES;
				CLANG_WARN_BLOCK_CAPTURE_AUTORELEASING = YES;
				CLANG_WARN_BOOL_CONVERSION = YES;
				CLANG_WARN_COMMA = YES;
				CLANG_WARN_CONSTANT_CONVERSION = YES;
				CLANG_WARN_DEPRECATED_OBJC_IMPLEMENTATIONS = YES;
				CLANG_WARN_DIRECT_OBJC_ISA_USAGE = YES_ERROR;
				CLANG_WARN_DOCUMENTATION_COMMENTS = YES;
				CLANG_WARN_EMPTY_BODY = YES;
				CLANG_WARN_ENUM_CONVERSION = YES;
				CLANG_WARN_INFINITE_RECURSION = YES;
				CLANG_WARN_INT_CONVERSION = YES;
				CLANG_WARN_NON_LITERAL_NULL_CONVERSION = YES;
				CLANG_WARN_OBJC_IMPLICIT_RETAIN_SELF = YES;
				CLANG_WARN_OBJC_LITERAL_CONVERSION = YES;
				CLANG_WARN_OBJC_ROOT_CLASS = YES_ERROR;
				CLANG_WARN_QUOTED_INCLUDE_IN_FRAMEWORK_HEADER = YES;
				CLANG_WARN_RANGE_LOOP_ANALYSIS = YES;
				CLANG_WARN_STRICT_PROTOTYPES = YES;
				CLANG_WARN_SUSPICIOUS_MOVE = YES;
				CLANG_WARN_UNGUARDED_AVAILABILITY = YES_AGGRESSIVE;
				CLANG_WARN_UNREACHABLE_CODE = YES;
				CLANG_WARN__DUPLICATE_METHOD_MATCH = YES;
				COPY_PHASE_STRIP = NO;
				DEBUG_INFORMATION_FORMAT = "dwarf-with-dsym";
				ENABLE_NS_ASSERTIONS = NO;
				ENABLE_STRICT_OBJC_MSGSEND = YES;
				ENABLE_USER_SCRIPT_SANDBOXING = YES;
				GCC_C_LANGUAGE_STANDARD = gnu17;
				GCC_NO_COMMON_BLOCKS = YES;
				GCC_WARN_64_TO_32_BIT_CONVERSION = YES;
				GCC_WARN_ABOUT_RETURN_TYPE = YES_ERROR;
				GCC_WARN_UNDECLARED_SELECTOR = YES;
				GCC_WARN_UNINITIALIZED_AUTOS = YES_AGGRESSIVE;
				GCC_WARN_UNUSED_FUNCTION = YES;
				GCC_WARN_UNUSED_VARIABLE = YES;
				LOCALIZATION_PREFERS_STRING_CATALOGS = YES;
				MTL_ENABLE_DEBUG_INFO = NO;
				MTL_FAST_MATH = YES;
				SWIFT_COMPILATION_MODE = wholemodule;
			};
			name = Release;
		};
		678E14022C3B5DE800142C11 /* Debug */ = {
			isa = XCBuildConfiguration;
			buildSettings = {
				ASSETCATALOG_COMPILER_APPICON_NAME = AppIcon;
				ASSETCATALOG_COMPILER_GLOBAL_ACCENT_COLOR_NAME = AccentColor;
				CODE_SIGN_ENTITLEMENTS = FirstIpadApp/FirstIpadApp.entitlements;
				CODE_SIGN_STYLE = Automatic;
				CURRENT_PROJECT_VERSION = 1;
				DEVELOPMENT_ASSET_PATHS = "\"FirstIpadApp/Preview Content\"";
				DEVELOPMENT_TEAM = G3C3QJW6UE;
				ENABLE_HARDENED_RUNTIME = YES;
				ENABLE_PREVIEWS = YES;
				GENERATE_INFOPLIST_FILE = YES;
				"INFOPLIST_KEY_UIApplicationSceneManifest_Generation[sdk=iphoneos*]" = YES;
				"INFOPLIST_KEY_UIApplicationSceneManifest_Generation[sdk=iphonesimulator*]" = YES;
				"INFOPLIST_KEY_UIApplicationSupportsIndirectInputEvents[sdk=iphoneos*]" = YES;
				"INFOPLIST_KEY_UIApplicationSupportsIndirectInputEvents[sdk=iphonesimulator*]" = YES;
				"INFOPLIST_KEY_UILaunchScreen_Generation[sdk=iphoneos*]" = YES;
				"INFOPLIST_KEY_UILaunchScreen_Generation[sdk=iphonesimulator*]" = YES;
				"INFOPLIST_KEY_UIStatusBarStyle[sdk=iphoneos*]" = UIStatusBarStyleDefault;
				"INFOPLIST_KEY_UIStatusBarStyle[sdk=iphonesimulator*]" = UIStatusBarStyleDefault;
				INFOPLIST_KEY_UISupportedInterfaceOrientations_iPad = "UIInterfaceOrientationPortrait UIInterfaceOrientationPortraitUpsideDown UIInterfaceOrientationLandscapeLeft UIInterfaceOrientationLandscapeRight";
				INFOPLIST_KEY_UISupportedInterfaceOrientations_iPhone = "UIInterfaceOrientationPortrait UIInterfaceOrientationLandscapeLeft UIInterfaceOrientationLandscapeRight";
				IPHONEOS_DEPLOYMENT_TARGET = 18.0;
				LD_RUNPATH_SEARCH_PATHS = "@executable_path/Frameworks";
				"LD_RUNPATH_SEARCH_PATHS[sdk=macosx*]" = "@executable_path/../Frameworks";
				MACOSX_DEPLOYMENT_TARGET = 14.5;
				MARKETING_VERSION = 1.0;
				PRODUCT_BUNDLE_IDENTIFIER = com.algebra2boy.FirstIpadApp;
				PRODUCT_NAME = "$(TARGET_NAME)";
				SDKROOT = auto;
				SUPPORTED_PLATFORMS = "iphoneos iphonesimulator macosx xros xrsimulator";
				SWIFT_EMIT_LOC_STRINGS = YES;
				SWIFT_VERSION = 5.0;
				TARGETED_DEVICE_FAMILY = "1,2,7";
				XROS_DEPLOYMENT_TARGET = 2.0;
			};
			name = Debug;
		};
		678E14032C3B5DE800142C11 /* Release */ = {
			isa = XCBuildConfiguration;
			buildSettings = {
				ASSETCATALOG_COMPILER_APPICON_NAME = AppIcon;
				ASSETCATALOG_COMPILER_GLOBAL_ACCENT_COLOR_NAME = AccentColor;
				CODE_SIGN_ENTITLEMENTS = FirstIpadApp/FirstIpadApp.entitlements;
				CODE_SIGN_STYLE = Automatic;
				CURRENT_PROJECT_VERSION = 1;
				DEVELOPMENT_ASSET_PATHS = "\"FirstIpadApp/Preview Content\"";
				DEVELOPMENT_TEAM = G3C3QJW6UE;
				ENABLE_HARDENED_RUNTIME = YES;
				ENABLE_PREVIEWS = YES;
				GENERATE_INFOPLIST_FILE = YES;
				"INFOPLIST_KEY_UIApplicationSceneManifest_Generation[sdk=iphoneos*]" = YES;
				"INFOPLIST_KEY_UIApplicationSceneManifest_Generation[sdk=iphonesimulator*]" = YES;
				"INFOPLIST_KEY_UIApplicationSupportsIndirectInputEvents[sdk=iphoneos*]" = YES;
				"INFOPLIST_KEY_UIApplicationSupportsIndirectInputEvents[sdk=iphonesimulator*]" = YES;
				"INFOPLIST_KEY_UILaunchScreen_Generation[sdk=iphoneos*]" = YES;
				"INFOPLIST_KEY_UILaunchScreen_Generation[sdk=iphonesimulator*]" = YES;
				"INFOPLIST_KEY_UIStatusBarStyle[sdk=iphoneos*]" = UIStatusBarStyleDefault;
				"INFOPLIST_KEY_UIStatusBarStyle[sdk=iphonesimulator*]" = UIStatusBarStyleDefault;
				INFOPLIST_KEY_UISupportedInterfaceOrientations_iPad = "UIInterfaceOrientationPortrait UIInterfaceOrientationPortraitUpsideDown UIInterfaceOrientationLandscapeLeft UIInterfaceOrientationLandscapeRight";
				INFOPLIST_KEY_UISupportedInterfaceOrientations_iPhone = "UIInterfaceOrientationPortrait UIInterfaceOrientationLandscapeLeft UIInterfaceOrientationLandscapeRight";
				IPHONEOS_DEPLOYMENT_TARGET = 18.0;
				LD_RUNPATH_SEARCH_PATHS = "@executable_path/Frameworks";
				"LD_RUNPATH_SEARCH_PATHS[sdk=macosx*]" = "@executable_path/../Frameworks";
				MACOSX_DEPLOYMENT_TARGET = 14.5;
				MARKETING_VERSION = 1.0;
				PRODUCT_BUNDLE_IDENTIFIER = com.algebra2boy.FirstIpadApp;
				PRODUCT_NAME = "$(TARGET_NAME)";
				SDKROOT = auto;
				SUPPORTED_PLATFORMS = "iphoneos iphonesimulator macosx xros xrsimulator";
				SWIFT_EMIT_LOC_STRINGS = YES;
				SWIFT_VERSION = 5.0;
				TARGETED_DEVICE_FAMILY = "1,2,7";
				XROS_DEPLOYMENT_TARGET = 2.0;
			};
			name = Release;
		};
		678E14052C3B5DE800142C11 /* Debug */ = {
			isa = XCBuildConfiguration;
			buildSettings = {
				BUNDLE_LOADER = "$(TEST_HOST)";
				CODE_SIGN_STYLE = Automatic;
				CURRENT_PROJECT_VERSION = 1;
				DEVELOPMENT_TEAM = G3C3QJW6UE;
				GENERATE_INFOPLIST_FILE = YES;
				IPHONEOS_DEPLOYMENT_TARGET = 18.0;
				MACOSX_DEPLOYMENT_TARGET = 14.5;
				MARKETING_VERSION = 1.0;
				PRODUCT_BUNDLE_IDENTIFIER = com.algebra2boy.FirstIpadAppTests;
				PRODUCT_NAME = "$(TARGET_NAME)";
				SDKROOT = auto;
				SUPPORTED_PLATFORMS = "iphoneos iphonesimulator macosx xros xrsimulator";
				SWIFT_EMIT_LOC_STRINGS = NO;
				SWIFT_VERSION = 5.0;
				TARGETED_DEVICE_FAMILY = "1,2,7";
				TEST_HOST = "$(BUILT_PRODUCTS_DIR)/FirstIpadApp.app/$(BUNDLE_EXECUTABLE_FOLDER_PATH)/FirstIpadApp";
				XROS_DEPLOYMENT_TARGET = 2.0;
			};
			name = Debug;
		};
		678E14062C3B5DE800142C11 /* Release */ = {
			isa = XCBuildConfiguration;
			buildSettings = {
				BUNDLE_LOADER = "$(TEST_HOST)";
				CODE_SIGN_STYLE = Automatic;
				CURRENT_PROJECT_VERSION = 1;
				DEVELOPMENT_TEAM = G3C3QJW6UE;
				GENERATE_INFOPLIST_FILE = YES;
				IPHONEOS_DEPLOYMENT_TARGET = 18.0;
				MACOSX_DEPLOYMENT_TARGET = 14.5;
				MARKETING_VERSION = 1.0;
				PRODUCT_BUNDLE_IDENTIFIER = com.algebra2boy.FirstIpadAppTests;
				PRODUCT_NAME = "$(TARGET_NAME)";
				SDKROOT = auto;
				SUPPORTED_PLATFORMS = "iphoneos iphonesimulator macosx xros xrsimulator";
				SWIFT_EMIT_LOC_STRINGS = NO;
				SWIFT_VERSION = 5.0;
				TARGETED_DEVICE_FAMILY = "1,2,7";
				TEST_HOST = "$(BUILT_PRODUCTS_DIR)/FirstIpadApp.app/$(BUNDLE_EXECUTABLE_FOLDER_PATH)/FirstIpadApp";
				XROS_DEPLOYMENT_TARGET = 2.0;
			};
			name = Release;
		};
		678E14082C3B5DE800142C11 /* Debug */ = {
			isa = XCBuildConfiguration;
			buildSettings = {
				CODE_SIGN_STYLE = Automatic;
				CURRENT_PROJECT_VERSION = 1;
				DEVELOPMENT_TEAM = G3C3QJW6UE;
				GENERATE_INFOPLIST_FILE = YES;
				IPHONEOS_DEPLOYMENT_TARGET = 18.0;
				MACOSX_DEPLOYMENT_TARGET = 14.5;
				MARKETING_VERSION = 1.0;
				PRODUCT_BUNDLE_IDENTIFIER = com.algebra2boy.FirstIpadAppUITests;
				PRODUCT_NAME = "$(TARGET_NAME)";
				SDKROOT = auto;
				SUPPORTED_PLATFORMS = "iphoneos iphonesimulator macosx xros xrsimulator";
				SWIFT_EMIT_LOC_STRINGS = NO;
				SWIFT_VERSION = 5.0;
				TARGETED_DEVICE_FAMILY = "1,2,7";
				TEST_TARGET_NAME = FirstIpadApp;
				XROS_DEPLOYMENT_TARGET = 2.0;
			};
			name = Debug;
		};
		678E14092C3B5DE800142C11 /* Release */ = {
			isa = XCBuildConfiguration;
			buildSettings = {
				CODE_SIGN_STYLE = Automatic;
				CURRENT_PROJECT_VERSION = 1;
				DEVELOPMENT_TEAM = G3C3QJW6UE;
				GENERATE_INFOPLIST_FILE = YES;
				IPHONEOS_DEPLOYMENT_TARGET = 18.0;
				MACOSX_DEPLOYMENT_TARGET = 14.5;
				MARKETING_VERSION = 1.0;
				PRODUCT_BUNDLE_IDENTIFIER = com.algebra2boy.FirstIpadAppUITests;
				PRODUCT_NAME = "$(TARGET_NAME)";
				SDKROOT = auto;
				SUPPORTED_PLATFORMS = "iphoneos iphonesimulator macosx xros xrsimulator";
				SWIFT_EMIT_LOC_STRINGS = NO;
				SWIFT_VERSION = 5.0;
				TARGETED_DEVICE_FAMILY = "1,2,7";
				TEST_TARGET_NAME = FirstIpadApp;
				XROS_DEPLOYMENT_TARGET = 2.0;
			};
			name = Release;
		};
/* End XCBuildConfiguration section */

/* Begin XCConfigurationList section */
		678E13D72C3B5DE700142C11 /* Build configuration list for PBXProject "FirstIpadApp" */ = {
			isa = XCConfigurationList;
			buildConfigurations = (
				678E13FF2C3B5DE800142C11 /* Debug */,
				678E14002C3B5DE800142C11 /* Release */,
			);
			defaultConfigurationIsVisible = 0;
			defaultConfigurationName = Release;
		};
		678E14012C3B5DE800142C11 /* Build configuration list for PBXNativeTarget "FirstIpadApp" */ = {
			isa = XCConfigurationList;
			buildConfigurations = (
				678E14022C3B5DE800142C11 /* Debug */,
				678E14032C3B5DE800142C11 /* Release */,
			);
			defaultConfigurationIsVisible = 0;
			defaultConfigurationName = Release;
		};
		678E14042C3B5DE800142C11 /* Build configuration list for PBXNativeTarget "FirstIpadAppTests" */ = {
			isa = XCConfigurationList;
			buildConfigurations = (
				678E14052C3B5DE800142C11 /* Debug */,
				678E14062C3B5DE800142C11 /* Release */,
			);
			defaultConfigurationIsVisible = 0;
			defaultConfigurationName = Release;
		};
		678E14072C3B5DE800142C11 /* Build configuration list for PBXNativeTarget "FirstIpadAppUITests" */ = {
			isa = XCConfigurationList;
			buildConfigurations = (
				678E14082C3B5DE800142C11 /* Debug */,
				678E14092C3B5DE800142C11 /* Release */,
			);
			defaultConfigurationIsVisible = 0;
			defaultConfigurationName = Release;
		};
/* End XCConfigurationList section */
	};
	rootObject = 678E13D42C3B5DE700142C11 /* Project object */;
}
