// !$*UTF8*$!
{
	archiveVersion = 1;
	classes = {
	};
	objectVersion = 56;
	objects = {

/* Begin PBXBuildFile section */
		AE4388392A53748000F7746D /* MultiLine.swift in Sources */ = {isa = PBXBuildFile; fileRef = AE4388382A53748000F7746D /* MultiLine.swift */; };
		AE4A2D962A537DBF002FE19D /* DataController.swift in Sources */ = {isa = PBXBuildFile; fileRef = AE4A2D952A537DBF002FE19D /* DataController.swift */; };
		AEB1ECD72A53B32E00A0D251 /* AddBookView.swift in Sources */ = {isa = PBXBuildFile; fileRef = AEB1ECD62A53B32E00A0D251 /* AddBookView.swift */; };
		AEB1ECDA2A53B99200A0D251 /* Bookworm.xcdatamodeld in Sources */ = {isa = PBXBuildFile; fileRef = AEB1ECD82A53B99200A0D251 /* Bookworm.xcdatamodeld */; };
		AEB1ECDC2A53C67700A0D251 /* RatingView.swift in Sources */ = {isa = PBXBuildFile; fileRef = AEB1ECDB2A53C67700A0D251 /* RatingView.swift */; };
		AEB1ECDE2A53CD8800A0D251 /* EmojiRatingView.swift in Sources */ = {isa = PBXBuildFile; fileRef = AEB1ECDD2A53CD8800A0D251 /* EmojiRatingView.swift */; };
		AEB1ECE02A5470F000A0D251 /* DetailView.swift in Sources */ = {isa = PBXBuildFile; fileRef = AEB1ECDF2A5470F000A0D251 /* DetailView.swift */; };
		AEDDE09D2A5369160009EF06 /* BookWormApp.swift in Sources */ = {isa = PBXBuildFile; fileRef = AEDDE09C2A5369160009EF06 /* BookWormApp.swift */; };
		AEDDE09F2A5369160009EF06 /* ContentView.swift in Sources */ = {isa = PBXBuildFile; fileRef = AEDDE09E2A5369160009EF06 /* ContentView.swift */; };
		AEDDE0A12A5369170009EF06 /* Assets.xcassets in Resources */ = {isa = PBXBuildFile; fileRef = AEDDE0A02A5369170009EF06 /* Assets.xcassets */; };
		AEDDE0A42A5369170009EF06 /* Preview Assets.xcassets in Resources */ = {isa = PBXBuildFile; fileRef = AEDDE0A32A5369170009EF06 /* Preview Assets.xcassets */; };
		AEDDE0AB2A53695E0009EF06 /* BindingToggle.swift in Sources */ = {isa = PBXBuildFile; fileRef = AEDDE0AA2A53695E0009EF06 /* BindingToggle.swift */; };
/* End PBXBuildFile section */

/* Begin PBXFileReference section */
		AE4388382A53748000F7746D /* MultiLine.swift */ = {isa = PBXFileReference; lastKnownFileType = sourcecode.swift; path = MultiLine.swift; sourceTree = "<group>"; };
		AE4A2D952A537DBF002FE19D /* DataController.swift */ = {isa = PBXFileReference; lastKnownFileType = sourcecode.swift; path = DataController.swift; sourceTree = "<group>"; };
		AEB1ECD62A53B32E00A0D251 /* AddBookView.swift */ = {isa = PBXFileReference; lastKnownFileType = sourcecode.swift; path = AddBookView.swift; sourceTree = "<group>"; };
		AEB1ECD92A53B99200A0D251 /* Bookworm.xcdatamodel */ = {isa = PBXFileReference; lastKnownFileType = wrapper.xcdatamodel; path = Bookworm.xcdatamodel; sourceTree = "<group>"; };
		AEB1ECDB2A53C67700A0D251 /* RatingView.swift */ = {isa = PBXFileReference; lastKnownFileType = sourcecode.swift; path = RatingView.swift; sourceTree = "<group>"; };
		AEB1ECDD2A53CD8800A0D251 /* EmojiRatingView.swift */ = {isa = PBXFileReference; lastKnownFileType = sourcecode.swift; path = EmojiRatingView.swift; sourceTree = "<group>"; };
		AEB1ECDF2A5470F000A0D251 /* DetailView.swift */ = {isa = PBXFileReference; lastKnownFileType = sourcecode.swift; path = DetailView.swift; sourceTree = "<group>"; };
		AEDDE0992A5369160009EF06 /* BookWorm.app */ = {isa = PBXFileReference; explicitFileType = wrapper.application; includeInIndex = 0; path = BookWorm.app; sourceTree = BUILT_PRODUCTS_DIR; };
		AEDDE09C2A5369160009EF06 /* BookWormApp.swift */ = {isa = PBXFileReference; lastKnownFileType = sourcecode.swift; path = BookWormApp.swift; sourceTree = "<group>"; };
		AEDDE09E2A5369160009EF06 /* ContentView.swift */ = {isa = PBXFileReference; lastKnownFileType = sourcecode.swift; path = ContentView.swift; sourceTree = "<group>"; };
		AEDDE0A02A5369170009EF06 /* Assets.xcassets */ = {isa = PBXFileReference; lastKnownFileType = folder.assetcatalog; path = Assets.xcassets; sourceTree = "<group>"; };
		AEDDE0A32A5369170009EF06 /* Preview Assets.xcassets */ = {isa = PBXFileReference; lastKnownFileType = folder.assetcatalog; path = "Preview Assets.xcassets"; sourceTree = "<group>"; };
		AEDDE0AA2A53695E0009EF06 /* BindingToggle.swift */ = {isa = PBXFileReference; lastKnownFileType = sourcecode.swift; path = BindingToggle.swift; sourceTree = "<group>"; };
/* End PBXFileReference section */

/* Begin PBXFrameworksBuildPhase section */
		AEDDE0962A5369160009EF06 /* Frameworks */ = {
			isa = PBXFrameworksBuildPhase;
			buildActionMask = 2147483647;
			files = (
			);
			runOnlyForDeploymentPostprocessing = 0;
		};
/* End PBXFrameworksBuildPhase section */

/* Begin PBXGroup section */
		AE3BF3472A54B83600F9B725 /* Project */ = {
			isa = PBXGroup;
			children = (
				AEDDE09C2A5369160009EF06 /* BookWormApp.swift */,
				AE3BF34A2A54B86400F9B725 /* Resource */,
				AE3BF3492A54B85900F9B725 /* Model */,
				AE3BF3482A54B84900F9B725 /* View */,
			);
			path = Project;
			sourceTree = "<group>";
		};
		AE3BF3482A54B84900F9B725 /* View */ = {
			isa = PBXGroup;
			children = (
				AEB1ECD62A53B32E00A0D251 /* AddBookView.swift */,
				AEDDE09E2A5369160009EF06 /* ContentView.swift */,
				AEB1ECDB2A53C67700A0D251 /* RatingView.swift */,
				AEB1ECDD2A53CD8800A0D251 /* EmojiRatingView.swift */,
				AEB1ECDF2A5470F000A0D251 /* DetailView.swift */,
			);
			path = View;
			sourceTree = "<group>";
		};
		AE3BF3492A54B85900F9B725 /* Model */ = {
			isa = PBXGroup;
			children = (
				AE4A2D952A537DBF002FE19D /* DataController.swift */,
			);
			path = Model;
			sourceTree = "<group>";
		};
		AE3BF34A2A54B86400F9B725 /* Resource */ = {
			isa = PBXGroup;
			children = (
				AEB1ECD82A53B99200A0D251 /* Bookworm.xcdatamodeld */,
			);
			path = Resource;
			sourceTree = "<group>";
		};
		AEDDE0902A5369160009EF06 = {
			isa = PBXGroup;
			children = (
				AEDDE09B2A5369160009EF06 /* BookWorm */,
				AEDDE09A2A5369160009EF06 /* Products */,
			);
			sourceTree = "<group>";
		};
		AEDDE09A2A5369160009EF06 /* Products */ = {
			isa = PBXGroup;
			children = (
				AEDDE0992A5369160009EF06 /* BookWorm.app */,
			);
			name = Products;
			sourceTree = "<group>";
		};
		AEDDE09B2A5369160009EF06 /* BookWorm */ = {
			isa = PBXGroup;
			children = (
				AE3BF3472A54B83600F9B725 /* Project */,
				AEDDE0AA2A53695E0009EF06 /* BindingToggle.swift */,
				AE4388382A53748000F7746D /* MultiLine.swift */,
				AEDDE0A02A5369170009EF06 /* Assets.xcassets */,
				AEDDE0A22A5369170009EF06 /* Preview Content */,
			);
			path = BookWorm;
			sourceTree = "<group>";
		};
		AEDDE0A22A5369170009EF06 /* Preview Content */ = {
			isa = PBXGroup;
			children = (
				AEDDE0A32A5369170009EF06 /* Preview Assets.xcassets */,
			);
			path = "Preview Content";
			sourceTree = "<group>";
		};
/* End PBXGroup section */

/* Begin PBXNativeTarget section */
		AEDDE0982A5369160009EF06 /* BookWorm */ = {
			isa = PBXNativeTarget;
			buildConfigurationList = AEDDE0A72A5369170009EF06 /* Build configuration list for PBXNativeTarget "BookWorm" */;
			buildPhases = (
				AEDDE0952A5369160009EF06 /* Sources */,
				AEDDE0962A5369160009EF06 /* Frameworks */,
				AEDDE0972A5369160009EF06 /* Resources */,
			);
			buildRules = (
			);
			dependencies = (
			);
			name = BookWorm;
			productName = BookWorm;
			productReference = AEDDE0992A5369160009EF06 /* BookWorm.app */;
			productType = "com.apple.product-type.application";
		};
/* End PBXNativeTarget section */

/* Begin PBXProject section */
		AEDDE0912A5369160009EF06 /* Project object */ = {
			isa = PBXProject;
			attributes = {
				BuildIndependentTargetsInParallel = 1;
				LastSwiftUpdateCheck = 1500;
				LastUpgradeCheck = 1500;
				TargetAttributes = {
					AEDDE0982A5369160009EF06 = {
						CreatedOnToolsVersion = 15.0;
					};
				};
			};
			buildConfigurationList = AEDDE0942A5369160009EF06 /* Build configuration list for PBXProject "BookWorm" */;
			compatibilityVersion = "Xcode 14.0";
			developmentRegion = en;
			hasScannedForEncodings = 0;
			knownRegions = (
				en,
				Base,
			);
			mainGroup = AEDDE0902A5369160009EF06;
			productRefGroup = AEDDE09A2A5369160009EF06 /* Products */;
			projectDirPath = "";
			projectRoot = "";
			targets = (
				AEDDE0982A5369160009EF06 /* BookWorm */,
			);
		};
/* End PBXProject section */

/* Begin PBXResourcesBuildPhase section */
		AEDDE0972A5369160009EF06 /* Resources */ = {
			isa = PBXResourcesBuildPhase;
			buildActionMask = 2147483647;
			files = (
				AEDDE0A42A5369170009EF06 /* Preview Assets.xcassets in Resources */,
				AEDDE0A12A5369170009EF06 /* Assets.xcassets in Resources */,
			);
			runOnlyForDeploymentPostprocessing = 0;
		};
/* End PBXResourcesBuildPhase section */

/* Begin PBXSourcesBuildPhase section */
		AEDDE0952A5369160009EF06 /* Sources */ = {
			isa = PBXSourcesBuildPhase;
			buildActionMask = 2147483647;
			files = (
				AEDDE09F2A5369160009EF06 /* ContentView.swift in Sources */,
				AEB1ECDE2A53CD8800A0D251 /* EmojiRatingView.swift in Sources */,
				AEB1ECD72A53B32E00A0D251 /* AddBookView.swift in Sources */,
				AEB1ECE02A5470F000A0D251 /* DetailView.swift in Sources */,
				AEB1ECDC2A53C67700A0D251 /* RatingView.swift in Sources */,
				AE4A2D962A537DBF002FE19D /* DataController.swift in Sources */,
				AE4388392A53748000F7746D /* MultiLine.swift in Sources */,
				AEDDE0AB2A53695E0009EF06 /* BindingToggle.swift in Sources */,
				AEDDE09D2A5369160009EF06 /* BookWormApp.swift in Sources */,
				AEB1ECDA2A53B99200A0D251 /* Bookworm.xcdatamodeld in Sources */,
			);
			runOnlyForDeploymentPostprocessing = 0;
		};
/* End PBXSourcesBuildPhase section */

/* Begin XCBuildConfiguration section */
		AEDDE0A52A5369170009EF06 /* Debug */ = {
			isa = XCBuildConfiguration;
			buildSettings = {
				ALWAYS_SEARCH_USER_PATHS = NO;
				ASSETCATALOG_COMPILER_GENERATE_SWIFT_ASSET_SYMBOL_EXTENSIONS = YES;
				CLANG_ANALYZER_NONNULL = YES;
				CLANG_ANALYZER_NUMBER_OBJECT_CONVERSION = YES_AGGRESSIVE;
				CLANG_CXX_LANGUAGE_STANDARD = "gnu++20";
				CLANG_ENABLE_MODULES = YES;
				CLANG_ENABLE_OBJC_ARC = YES;
				CLANG_ENABLE_OBJC_WEAK = YES;
				CLANG_WARN_BLOCK_CAPTURE_AUTORELEASING = YES;
				CLANG_WARN_BOOL_CONVERSION = YES;
				CLANG_WARN_COMMA = YES;
				CLANG_WARN_CONSTANT_CONVERSION = YES;
				CLANG_WARN_DEPRECATED_OBJC_IMPLEMENTATIONS = YES;
				CLANG_WARN_DIRECT_OBJC_ISA_USAGE = YES_ERROR;
				CLANG_WARN_DOCUMENTATION_COMMENTS = YES;
				CLANG_WARN_EMPTY_BODY = YES;
				CLANG_WARN_ENUM_CONVERSION = YES;
				CLANG_WARN_INFINITE_RECURSION = YES;
				CLANG_WARN_INT_CONVERSION = YES;
				CLANG_WARN_NON_LITERAL_NULL_CONVERSION = YES;
				CLANG_WARN_OBJC_IMPLICIT_RETAIN_SELF = YES;
				CLANG_WARN_OBJC_LITERAL_CONVERSION = YES;
				CLANG_WARN_OBJC_ROOT_CLASS = YES_ERROR;
				CLANG_WARN_QUOTED_INCLUDE_IN_FRAMEWORK_HEADER = YES;
				CLANG_WARN_RANGE_LOOP_ANALYSIS = YES;
				CLANG_WARN_STRICT_PROTOTYPES = YES;
				CLANG_WARN_SUSPICIOUS_MOVE = YES;
				CLANG_WARN_UNGUARDED_AVAILABILITY = YES_AGGRESSIVE;
				CLANG_WARN_UNREACHABLE_CODE = YES;
				CLANG_WARN__DUPLICATE_METHOD_MATCH = YES;
				COPY_PHASE_STRIP = NO;
				DEBUG_INFORMATION_FORMAT = dwarf;
				ENABLE_STRICT_OBJC_MSGSEND = YES;
				ENABLE_TESTABILITY = YES;
				ENABLE_USER_SCRIPT_SANDBOXING = YES;
				GCC_C_LANGUAGE_STANDARD = gnu17;
				GCC_DYNAMIC_NO_PIC = NO;
				GCC_NO_COMMON_BLOCKS = YES;
				GCC_OPTIMIZATION_LEVEL = 0;
				GCC_PREPROCESSOR_DEFINITIONS = (
					"DEBUG=1",
					"$(inherited)",
				);
				GCC_WARN_64_TO_32_BIT_CONVERSION = YES;
				GCC_WARN_ABOUT_RETURN_TYPE = YES_ERROR;
				GCC_WARN_UNDECLARED_SELECTOR = YES;
				GCC_WARN_UNINITIALIZED_AUTOS = YES_AGGRESSIVE;
				GCC_WARN_UNUSED_FUNCTION = YES;
				GCC_WARN_UNUSED_VARIABLE = YES;
				IPHONEOS_DEPLOYMENT_TARGET = 17.0;
				LOCALIZATION_PREFERS_STRING_CATALOGS = YES;
				MTL_ENABLE_DEBUG_INFO = INCLUDE_SOURCE;
				MTL_FAST_MATH = YES;
				ONLY_ACTIVE_ARCH = YES;
				SDKROOT = iphoneos;
				SWIFT_ACTIVE_COMPILATION_CONDITIONS = "DEBUG $(inherited)";
				SWIFT_OPTIMIZATION_LEVEL = "-Onone";
			};
			name = Debug;
		};
		AEDDE0A62A5369170009EF06 /* Release */ = {
			isa = XCBuildConfiguration;
			buildSettings = {
				ALWAYS_SEARCH_USER_PATHS = NO;
				ASSETCATALOG_COMPILER_GENERATE_SWIFT_ASSET_SYMBOL_EXTENSIONS = YES;
				CLANG_ANALYZER_NONNULL = YES;
				CLANG_ANALYZER_NUMBER_OBJECT_CONVERSION = YES_AGGRESSIVE;
				CLANG_CXX_LANGUAGE_STANDARD = "gnu++20";
				CLANG_ENABLE_MODULES = YES;
				CLANG_ENABLE_OBJC_ARC = YES;
				CLANG_ENABLE_OBJC_WEAK = YES;
				CLANG_WARN_BLOCK_CAPTURE_AUTORELEASING = YES;
				CLANG_WARN_BOOL_CONVERSION = YES;
				CLANG_WARN_COMMA = YES;
				CLANG_WARN_CONSTANT_CONVERSION = YES;
				CLANG_WARN_DEPRECATED_OBJC_IMPLEMENTATIONS = YES;
				CLANG_WARN_DIRECT_OBJC_ISA_USAGE = YES_ERROR;
				CLANG_WARN_DOCUMENTATION_COMMENTS = YES;
				CLANG_WARN_EMPTY_BODY = YES;
				CLANG_WARN_ENUM_CONVERSION = YES;
				CLANG_WARN_INFINITE_RECURSION = YES;
				CLANG_WARN_INT_CONVERSION = YES;
				CLANG_WARN_NON_LITERAL_NULL_CONVERSION = YES;
				CLANG_WARN_OBJC_IMPLICIT_RETAIN_SELF = YES;
				CLANG_WARN_OBJC_LITERAL_CONVERSION = YES;
				CLANG_WARN_OBJC_ROOT_CLASS = YES_ERROR;
				CLANG_WARN_QUOTED_INCLUDE_IN_FRAMEWORK_HEADER = YES;
				CLANG_WARN_RANGE_LOOP_ANALYSIS = YES;
				CLANG_WARN_STRICT_PROTOTYPES = YES;
				CLANG_WARN_SUSPICIOUS_MOVE = YES;
				CLANG_WARN_UNGUARDED_AVAILABILITY = YES_AGGRESSIVE;
				CLANG_WARN_UNREACHABLE_CODE = YES;
				CLANG_WARN__DUPLICATE_METHOD_MATCH = YES;
				COPY_PHASE_STRIP = NO;
				DEBUG_INFORMATION_FORMAT = "dwarf-with-dsym";
				ENABLE_NS_ASSERTIONS = NO;
				ENABLE_STRICT_OBJC_MSGSEND = YES;
				ENABLE_USER_SCRIPT_SANDBOXING = YES;
				GCC_C_LANGUAGE_STANDARD = gnu17;
				GCC_NO_COMMON_BLOCKS = YES;
				GCC_WARN_64_TO_32_BIT_CONVERSION = YES;
				GCC_WARN_ABOUT_RETURN_TYPE = YES_ERROR;
				GCC_WARN_UNDECLARED_SELECTOR = YES;
				GCC_WARN_UNINITIALIZED_AUTOS = YES_AGGRESSIVE;
				GCC_WARN_UNUSED_FUNCTION = YES;
				GCC_WARN_UNUSED_VARIABLE = YES;
				IPHONEOS_DEPLOYMENT_TARGET = 17.0;
				LOCALIZATION_PREFERS_STRING_CATALOGS = YES;
				MTL_ENABLE_DEBUG_INFO = NO;
				MTL_FAST_MATH = YES;
				SDKROOT = iphoneos;
				SWIFT_COMPILATION_MODE = wholemodule;
				VALIDATE_PRODUCT = YES;
			};
			name = Release;
		};
		AEDDE0A82A5369170009EF06 /* Debug */ = {
			isa = XCBuildConfiguration;
			buildSettings = {
				ASSETCATALOG_COMPILER_APPICON_NAME = AppIcon;
				ASSETCATALOG_COMPILER_GLOBAL_ACCENT_COLOR_NAME = AccentColor;
				CODE_SIGN_STYLE = Automatic;
				CURRENT_PROJECT_VERSION = 1;
				DEVELOPMENT_ASSET_PATHS = "\"BookWorm/Preview Content\"";
				ENABLE_PREVIEWS = YES;
				GENERATE_INFOPLIST_FILE = YES;
				INFOPLIST_KEY_UIApplicationSceneManifest_Generation = YES;
				INFOPLIST_KEY_UIApplicationSupportsIndirectInputEvents = YES;
				INFOPLIST_KEY_UILaunchScreen_Generation = YES;
				INFOPLIST_KEY_UISupportedInterfaceOrientations_iPad = "UIInterfaceOrientationPortrait UIInterfaceOrientationPortraitUpsideDown UIInterfaceOrientationLandscapeLeft UIInterfaceOrientationLandscapeRight";
				INFOPLIST_KEY_UISupportedInterfaceOrientations_iPhone = "UIInterfaceOrientationPortrait UIInterfaceOrientationLandscapeLeft UIInterfaceOrientationLandscapeRight";
				LD_RUNPATH_SEARCH_PATHS = (
					"$(inherited)",
					"@executable_path/Frameworks",
				);
				MARKETING_VERSION = 1.0;
				PRODUCT_BUNDLE_IDENTIFIER = algebra2boy.BookWorm;
				PRODUCT_NAME = "$(TARGET_NAME)";
				SWIFT_EMIT_LOC_STRINGS = YES;
				SWIFT_VERSION = 5.0;
				TARGETED_DEVICE_FAMILY = "1,2";
			};
			name = Debug;
		};
		AEDDE0A92A5369170009EF06 /* Release */ = {
			isa = XCBuildConfiguration;
			buildSettings = {
				ASSETCATALOG_COMPILER_APPICON_NAME = AppIcon;
				ASSETCATALOG_COMPILER_GLOBAL_ACCENT_COLOR_NAME = AccentColor;
				CODE_SIGN_STYLE = Automatic;
				CURRENT_PROJECT_VERSION = 1;
				DEVELOPMENT_ASSET_PATHS = "\"BookWorm/Preview Content\"";
				ENABLE_PREVIEWS = YES;
				GENERATE_INFOPLIST_FILE = YES;
				INFOPLIST_KEY_UIApplicationSceneManifest_Generation = YES;
				INFOPLIST_KEY_UIApplicationSupportsIndirectInputEvents = YES;
				INFOPLIST_KEY_UILaunchScreen_Generation = YES;
				INFOPLIST_KEY_UISupportedInterfaceOrientations_iPad = "UIInterfaceOrientationPortrait UIInterfaceOrientationPortraitUpsideDown UIInterfaceOrientationLandscapeLeft UIInterfaceOrientationLandscapeRight";
				INFOPLIST_KEY_UISupportedInterfaceOrientations_iPhone = "UIInterfaceOrientationPortrait UIInterfaceOrientationLandscapeLeft UIInterfaceOrientationLandscapeRight";
				LD_RUNPATH_SEARCH_PATHS = (
					"$(inherited)",
					"@executable_path/Frameworks",
				);
				MARKETING_VERSION = 1.0;
				PRODUCT_BUNDLE_IDENTIFIER = algebra2boy.BookWorm;
				PRODUCT_NAME = "$(TARGET_NAME)";
				SWIFT_EMIT_LOC_STRINGS = YES;
				SWIFT_VERSION = 5.0;
				TARGETED_DEVICE_FAMILY = "1,2";
			};
			name = Release;
		};
/* End XCBuildConfiguration section */

/* Begin XCConfigurationList section */
		AEDDE0942A5369160009EF06 /* Build configuration list for PBXProject "BookWorm" */ = {
			isa = XCConfigurationList;
			buildConfigurations = (
				AEDDE0A52A5369170009EF06 /* Debug */,
				AEDDE0A62A5369170009EF06 /* Release */,
			);
			defaultConfigurationIsVisible = 0;
			defaultConfigurationName = Release;
		};
		AEDDE0A72A5369170009EF06 /* Build configuration list for PBXNativeTarget "BookWorm" */ = {
			isa = XCConfigurationList;
			buildConfigurations = (
				AEDDE0A82A5369170009EF06 /* Debug */,
				AEDDE0A92A5369170009EF06 /* Release */,
			);
			defaultConfigurationIsVisible = 0;
			defaultConfigurationName = Release;
		};
/* End XCConfigurationList section */

/* Begin XCVersionGroup section */
		AEB1ECD82A53B99200A0D251 /* Bookworm.xcdatamodeld */ = {
			isa = XCVersionGroup;
			children = (
				AEB1ECD92A53B99200A0D251 /* Bookworm.xcdatamodel */,
			);
			currentVersion = AEB1ECD92A53B99200A0D251 /* Bookworm.xcdatamodel */;
			path = Bookworm.xcdatamodeld;
			sourceTree = "<group>";
			versionGroupType = wrapper.xcdatamodel;
		};
/* End XCVersionGroup section */
	};
	rootObject = AEDDE0912A5369160009EF06 /* Project object */;
}
